<?xml version="1.0" encoding="utf-8"?>
<Project ToolsVersion="16.0" xmlns="http://schemas.microsoft.com/developer/msbuild/2003">
  <ItemGroup>
    <ClCompile Include="D:\github\evernus\Evernus\Evernus_autogen\mocs_compilation_Debug.cpp">
      <Filter>Source Files</Filter>
    </ClCompile>
    <ClCompile Include="D:\github\evernus\Evernus\AboutDialog.cpp">
      <Filter>Source Files</Filter>
    </ClCompile>
    <ClCompile Include="D:\github\evernus\Evernus\ActiveTasksDialog.cpp">
      <Filter>Source Files</Filter>
    </ClCompile>
    <ClCompile Include="D:\github\evernus\Evernus\AdjustableTableView.cpp">
      <Filter>Source Files</Filter>
    </ClCompile>
    <ClCompile Include="D:\github\evernus\Evernus\AdvancedStatisticsWidget.cpp">
      <Filter>Source Files</Filter>
    </ClCompile>
    <ClCompile Include="D:\github\evernus\Evernus\AggregatedAssetModel.cpp">
      <Filter>Source Files</Filter>
    </ClCompile>
    <ClCompile Include="D:\github\evernus\Evernus\AggregatedEventProcessor.cpp">
      <Filter>Source Files</Filter>
    </ClCompile>
    <ClCompile Include="D:\github\evernus\Evernus\AggregatedStatisticsModel.cpp">
      <Filter>Source Files</Filter>
    </ClCompile>
    <ClCompile Include="D:\github\evernus\Evernus\ArbitrageUtils.cpp">
      <Filter>Source Files</Filter>
    </ClCompile>
    <ClCompile Include="D:\github\evernus\Evernus\AssetList.cpp">
      <Filter>Source Files</Filter>
    </ClCompile>
    <ClCompile Include="D:\github\evernus\Evernus\AssetListRepository.cpp">
      <Filter>Source Files</Filter>
    </ClCompile>
    <ClCompile Include="D:\github\evernus\Evernus\AssetModel.cpp">
      <Filter>Source Files</Filter>
    </ClCompile>
    <ClCompile Include="D:\github\evernus\Evernus\AssetsImportPreferencesWidget.cpp">
      <Filter>Source Files</Filter>
    </ClCompile>
    <ClCompile Include="D:\github\evernus\Evernus\AssetsWidget.cpp">
      <Filter>Source Files</Filter>
    </ClCompile>
    <ClCompile Include="D:\github\evernus\Evernus\AssetValueSnapshot.cpp">
      <Filter>Source Files</Filter>
    </ClCompile>
    <ClCompile Include="D:\github\evernus\Evernus\AssetValueSnapshotRepository.cpp">
      <Filter>Source Files</Filter>
    </ClCompile>
    <ClCompile Include="D:\github\evernus\Evernus\AssignedContractModel.cpp">
      <Filter>Source Files</Filter>
    </ClCompile>
    <ClCompile Include="D:\github\evernus\Evernus\BasicStatisticsWidget.cpp">
      <Filter>Source Files</Filter>
    </ClCompile>
    <ClCompile Include="D:\github\evernus\Evernus\ButtonWithTimer.cpp">
      <Filter>Source Files</Filter>
    </ClCompile>
    <ClCompile Include="D:\github\evernus\Evernus\BezierCurve.cpp">
      <Filter>Source Files</Filter>
    </ClCompile>
    <ClCompile Include="D:\github\evernus\Evernus\Blueprint.cpp">
      <Filter>Source Files</Filter>
    </ClCompile>
    <ClCompile Include="D:\github\evernus\Evernus\CacheTimer.cpp">
      <Filter>Source Files</Filter>
    </ClCompile>
    <ClCompile Include="D:\github\evernus\Evernus\CacheTimerRepository.cpp">
      <Filter>Source Files</Filter>
    </ClCompile>
    <ClCompile Include="D:\github\evernus\Evernus\CachingAssetProvider.cpp">
      <Filter>Source Files</Filter>
    </ClCompile>
    <ClCompile Include="D:\github\evernus\Evernus\CachingContractProvider.cpp">
      <Filter>Source Files</Filter>
    </ClCompile>
    <ClCompile Include="D:\github\evernus\Evernus\CachingEveDataProvider.cpp">
      <Filter>Source Files</Filter>
    </ClCompile>
    <ClCompile Include="D:\github\evernus\Evernus\CachingMarketOrderProvider.cpp">
      <Filter>Source Files</Filter>
    </ClCompile>
    <ClCompile Include="D:\github\evernus\Evernus\CachingNetworkAccessManagerFactory.cpp">
      <Filter>Source Files</Filter>
    </ClCompile>
    <ClCompile Include="D:\github\evernus\Evernus\CalculatingDataWidget.cpp">
      <Filter>Source Files</Filter>
    </ClCompile>
    <ClCompile Include="D:\github\evernus\Evernus\CallbackEvent.cpp">
      <Filter>Source Files</Filter>
    </ClCompile>
    <ClCompile Include="D:\github\evernus\Evernus\CallbackExternalOrderImporter.cpp">
      <Filter>Source Files</Filter>
    </ClCompile>
    <ClCompile Include="D:\github\evernus\Evernus\ChainableFileLogger.cpp">
      <Filter>Source Files</Filter>
    </ClCompile>
    <ClCompile Include="D:\github\evernus\Evernus\Character.cpp">
      <Filter>Source Files</Filter>
    </ClCompile>
    <ClCompile Include="D:\github\evernus\Evernus\CharacterBoundWidget.cpp">
      <Filter>Source Files</Filter>
    </ClCompile>
    <ClCompile Include="D:\github\evernus\Evernus\CharacterCorporationCombinedMarketOrderProvider.cpp">
      <Filter>Source Files</Filter>
    </ClCompile>
    <ClCompile Include="D:\github\evernus\Evernus\CharacterImportPreferencesWidget.cpp">
      <Filter>Source Files</Filter>
    </ClCompile>
    <ClCompile Include="D:\github\evernus\Evernus\CharacterManagerDialog.cpp">
      <Filter>Source Files</Filter>
    </ClCompile>
    <ClCompile Include="D:\github\evernus\Evernus\CharacterModel.cpp">
      <Filter>Source Files</Filter>
    </ClCompile>
    <ClCompile Include="D:\github\evernus\Evernus\CharacterRepository.cpp">
      <Filter>Source Files</Filter>
    </ClCompile>
    <ClCompile Include="D:\github\evernus\Evernus\CharacterWidget.cpp">
      <Filter>Source Files</Filter>
    </ClCompile>
    <ClCompile Include="D:\github\evernus\Evernus\CheckableTreeView.cpp">
      <Filter>Source Files</Filter>
    </ClCompile>
    <ClCompile Include="D:\github\evernus\Evernus\Citadel.cpp">
      <Filter>Source Files</Filter>
    </ClCompile>
    <ClCompile Include="D:\github\evernus\Evernus\CitadelAccessCache.cpp">
      <Filter>Source Files</Filter>
    </ClCompile>
    <ClCompile Include="D:\github\evernus\Evernus\CitadelEditDialog.cpp">
      <Filter>Source Files</Filter>
    </ClCompile>
    <ClCompile Include="D:\github\evernus\Evernus\CitadelManagementModel.cpp">
      <Filter>Source Files</Filter>
    </ClCompile>
    <ClCompile Include="D:\github\evernus\Evernus\CitadelManagementWidget.cpp">
      <Filter>Source Files</Filter>
    </ClCompile>
    <ClCompile Include="D:\github\evernus\Evernus\CitadelManager.cpp">
      <Filter>Source Files</Filter>
    </ClCompile>
    <ClCompile Include="D:\github\evernus\Evernus\CitadelManagerDialog.cpp">
      <Filter>Source Files</Filter>
    </ClCompile>
    <ClCompile Include="D:\github\evernus\Evernus\CitadelRepository.cpp">
      <Filter>Source Files</Filter>
    </ClCompile>
    <ClCompile Include="D:\github\evernus\Evernus\ClickableLabel.cpp">
      <Filter>Source Files</Filter>
    </ClCompile>
    <ClCompile Include="D:\github\evernus\Evernus\ColorButton.cpp">
      <Filter>Source Files</Filter>
    </ClCompile>
    <ClCompile Include="D:\github\evernus\Evernus\CommonScriptAPI.cpp">
      <Filter>Source Files</Filter>
    </ClCompile>
    <ClCompile Include="D:\github\evernus\Evernus\Contract.cpp">
      <Filter>Source Files</Filter>
    </ClCompile>
    <ClCompile Include="D:\github\evernus\Evernus\ContractFilterProxyModel.cpp">
      <Filter>Source Files</Filter>
    </ClCompile>
    <ClCompile Include="D:\github\evernus\Evernus\ContractImportPreferencesWidget.cpp">
      <Filter>Source Files</Filter>
    </ClCompile>
    <ClCompile Include="D:\github\evernus\Evernus\ContractItem.cpp">
      <Filter>Source Files</Filter>
    </ClCompile>
    <ClCompile Include="D:\github\evernus\Evernus\ContractItemRepository.cpp">
      <Filter>Source Files</Filter>
    </ClCompile>
    <ClCompile Include="D:\github\evernus\Evernus\ContractModel.cpp">
      <Filter>Source Files</Filter>
    </ClCompile>
    <ClCompile Include="D:\github\evernus\Evernus\ContractRepository.cpp">
      <Filter>Source Files</Filter>
    </ClCompile>
    <ClCompile Include="D:\github\evernus\Evernus\ContractStatusesWidget.cpp">
      <Filter>Source Files</Filter>
    </ClCompile>
    <ClCompile Include="D:\github\evernus\Evernus\ContractView.cpp">
      <Filter>Source Files</Filter>
    </ClCompile>
    <ClCompile Include="D:\github\evernus\Evernus\ContractWidget.cpp">
      <Filter>Source Files</Filter>
    </ClCompile>
    <ClCompile Include="D:\github\evernus\Evernus\CorpAssetValueSnapshot.cpp">
      <Filter>Source Files</Filter>
    </ClCompile>
    <ClCompile Include="D:\github\evernus\Evernus\CorpAssetValueSnapshotRepository.cpp">
      <Filter>Source Files</Filter>
    </ClCompile>
    <ClCompile Include="D:\github\evernus\Evernus\CorpImportPreferencesWidget.cpp">
      <Filter>Source Files</Filter>
    </ClCompile>
    <ClCompile Include="D:\github\evernus\Evernus\CorpMarketOrderValueSnapshot.cpp">
      <Filter>Source Files</Filter>
    </ClCompile>
    <ClCompile Include="D:\github\evernus\Evernus\CorpMarketOrderValueSnapshotRepository.cpp">
      <Filter>Source Files</Filter>
    </ClCompile>
    <ClCompile Include="D:\github\evernus\Evernus\CorpWalletSnapshot.cpp">
      <Filter>Source Files</Filter>
    </ClCompile>
    <ClCompile Include="D:\github\evernus\Evernus\CorpWalletSnapshotRepository.cpp">
      <Filter>Source Files</Filter>
    </ClCompile>
    <ClCompile Include="D:\github\evernus\Evernus\CustomFPCDialog.cpp">
      <Filter>Source Files</Filter>
    </ClCompile>
    <ClCompile Include="D:\github\evernus\Evernus\DatabaseUtils.cpp">
      <Filter>Source Files</Filter>
    </ClCompile>
    <ClCompile Include="D:\github\evernus\Evernus\DateFilteredPlotWidget.cpp">
      <Filter>Source Files</Filter>
    </ClCompile>
    <ClCompile Include="D:\github\evernus\Evernus\DateRangeWidget.cpp">
      <Filter>Source Files</Filter>
    </ClCompile>
    <ClCompile Include="D:\github\evernus\Evernus\DarkModeColor.cpp">
      <Filter>Source Files</Filter>
    </ClCompile>
    <ClCompile Include="D:\github\evernus\Evernus\DeviationSourceWidget.cpp">
      <Filter>Source Files</Filter>
    </ClCompile>
    <ClCompile Include="D:\github\evernus\Evernus\DontSaveImportedOrdersCheckBox.cpp">
      <Filter>Source Files</Filter>
    </ClCompile>
    <ClCompile Include="D:\github\evernus\Evernus\DoubleTypeAggregatedDetailsWidget.cpp">
      <Filter>Source Files</Filter>
    </ClCompile>
    <ClCompile Include="D:\github\evernus\Evernus\DoubleTypeCompareWidget.cpp">
      <Filter>Source Files</Filter>
    </ClCompile>
    <ClCompile Include="D:\github\evernus\Evernus\DumpUploader.cpp">
      <Filter>Source Files</Filter>
    </ClCompile>
    <ClCompile Include="D:\github\evernus\Evernus\ESIExternalOrderImporter.cpp">
      <Filter>Source Files</Filter>
    </ClCompile>
    <ClCompile Include="D:\github\evernus\Evernus\ESIIndividualExternalOrderImporter.cpp">
      <Filter>Source Files</Filter>
    </ClCompile>
    <ClCompile Include="D:\github\evernus\Evernus\ESIInterface.cpp">
      <Filter>Source Files</Filter>
    </ClCompile>
    <ClCompile Include="D:\github\evernus\Evernus\ESIInterfaceErrorLimiter.cpp">
      <Filter>Source Files</Filter>
    </ClCompile>
    <ClCompile Include="D:\github\evernus\Evernus\ESIInterfaceManager.cpp">
      <Filter>Source Files</Filter>
    </ClCompile>
    <ClCompile Include="D:\github\evernus\Evernus\ESIManager.cpp">
      <Filter>Source Files</Filter>
    </ClCompile>
    <ClCompile Include="D:\github\evernus\Evernus\ESINetworkAccessManager.cpp">
      <Filter>Source Files</Filter>
    </ClCompile>
    <ClCompile Include="D:\github\evernus\Evernus\ESIOAuth.cpp">
      <Filter>Source Files</Filter>
    </ClCompile>
    <ClCompile Include="D:\github\evernus\Evernus\ESIOAuth2AuthorizationCodeFlow.cpp">
      <Filter>Source Files</Filter>
    </ClCompile>
    <ClCompile Include="D:\github\evernus\Evernus\ESIOAuth2CharacterAuthorizationCodeFlow.cpp">
      <Filter>Source Files</Filter>
    </ClCompile>
    <ClCompile Include="D:\github\evernus\Evernus\ESIOAuth2UnknownCharacterAuthorizationCodeFlow.cpp">
      <Filter>Source Files</Filter>
    </ClCompile>
    <ClCompile Include="D:\github\evernus\Evernus\ESIOAuthReplyHandler.cpp">
      <Filter>Source Files</Filter>
    </ClCompile>
    <ClCompile Include="D:\github\evernus\Evernus\ESIWholeExternalOrderImporter.cpp">
      <Filter>Source Files</Filter>
    </ClCompile>
    <ClCompile Include="D:\github\evernus\Evernus\EveDatabaseConnectionProvider.cpp">
      <Filter>Source Files</Filter>
    </ClCompile>
    <ClCompile Include="D:\github\evernus\Evernus\EveDatabaseUpdater.cpp">
      <Filter>Source Files</Filter>
    </ClCompile>
    <ClCompile Include="D:\github\evernus\Evernus\EveDataProvider.cpp">
      <Filter>Source Files</Filter>
    </ClCompile>
    <ClCompile Include="D:\github\evernus\Evernus\EvernusApplication.cpp">
      <Filter>Source Files</Filter>
    </ClCompile>
    <ClCompile Include="D:\github\evernus\Evernus\EveType.cpp">
      <Filter>Source Files</Filter>
    </ClCompile>
    <ClCompile Include="D:\github\evernus\Evernus\EveTypeRepository.cpp">
      <Filter>Source Files</Filter>
    </ClCompile>
    <ClCompile Include="D:\github\evernus\Evernus\ExcelDoubleSpinBox.cpp">
      <Filter>Source Files</Filter>
    </ClCompile>
    <ClCompile Include="D:\github\evernus\Evernus\ExternalOrder.cpp">
      <Filter>Source Files</Filter>
    </ClCompile>
    <ClCompile Include="D:\github\evernus\Evernus\ExternalOrderBuyModel.cpp">
      <Filter>Source Files</Filter>
    </ClCompile>
    <ClCompile Include="D:\github\evernus\Evernus\ExternalOrderFilterProxyModel.cpp">
      <Filter>Source Files</Filter>
    </ClCompile>
    <ClCompile Include="D:\github\evernus\Evernus\ExternalOrderModel.cpp">
      <Filter>Source Files</Filter>
    </ClCompile>
    <ClCompile Include="D:\github\evernus\Evernus\ExternalOrderRepository.cpp">
      <Filter>Source Files</Filter>
    </ClCompile>
    <ClCompile Include="D:\github\evernus\Evernus\ExternalOrderSellModel.cpp">
      <Filter>Source Files</Filter>
    </ClCompile>
    <ClCompile Include="D:\github\evernus\Evernus\ExternalOrderView.cpp">
      <Filter>Source Files</Filter>
    </ClCompile>
    <ClCompile Include="D:\github\evernus\Evernus\FavoriteItemRepository.cpp">
      <Filter>Source Files</Filter>
    </ClCompile>
    <ClCompile Include="D:\github\evernus\Evernus\FavoriteLocationsButton.cpp">
      <Filter>Source Files</Filter>
    </ClCompile>
    <ClCompile Include="D:\github\evernus\Evernus\FileDownload.cpp">
      <Filter>Source Files</Filter>
    </ClCompile>
    <ClCompile Include="D:\github\evernus\Evernus\FilterText.cpp">
      <Filter>Source Files</Filter>
    </ClCompile>
    <ClCompile Include="D:\github\evernus\Evernus\FilterTextRepository.cpp">
      <Filter>Source Files</Filter>
    </ClCompile>
    <ClCompile Include="D:\github\evernus\Evernus\FlowLayout.cpp">
      <Filter>Source Files</Filter>
    </ClCompile>
    <ClCompile Include="D:\github\evernus\Evernus\FPCController.cpp">
      <Filter>Source Files</Filter>
    </ClCompile>
    <ClCompile Include="D:\github\evernus\Evernus\GeneralPreferencesWidget.cpp">
      <Filter>Source Files</Filter>
    </ClCompile>
    <ClCompile Include="D:\github\evernus\Evernus\GenericMarketOrdersInfoWidget.cpp">
      <Filter>Source Files</Filter>
    </ClCompile>
    <ClCompile Include="D:\github\evernus\Evernus\HttpPreferencesWidget.cpp">
      <Filter>Source Files</Filter>
    </ClCompile>
    <ClCompile Include="D:\github\evernus\Evernus\HttpService.cpp">
      <Filter>Source Files</Filter>
    </ClCompile>
    <ClCompile Include="D:\github\evernus\Evernus\IconUtils.cpp">
      <Filter>Source Files</Filter>
    </ClCompile>
    <ClCompile Include="D:\github\evernus\Evernus\ImportingAnalysisWidget.cpp">
      <Filter>Source Files</Filter>
    </ClCompile>
    <ClCompile Include="D:\github\evernus\Evernus\ImportingDataModel.cpp">
      <Filter>Source Files</Filter>
    </ClCompile>
    <ClCompile Include="D:\github\evernus\Evernus\ImportingDataModelProxyModel.cpp">
      <Filter>Source Files</Filter>
    </ClCompile>
    <ClCompile Include="D:\github\evernus\Evernus\ImportPreferencesWidget.cpp">
      <Filter>Source Files</Filter>
    </ClCompile>
    <ClCompile Include="D:\github\evernus\Evernus\ImportSourcePreferencesWidget.cpp">
      <Filter>Source Files</Filter>
    </ClCompile>
    <ClCompile Include="D:\github\evernus\Evernus\IndustryImportPreferencesWidget.cpp">
      <Filter>Source Files</Filter>
    </ClCompile>
    <ClCompile Include="D:\github\evernus\Evernus\IndustryManufacturingSetup.cpp">
      <Filter>Source Files</Filter>
    </ClCompile>
    <ClCompile Include="D:\github\evernus\Evernus\IndustryManufacturingSetupController.cpp">
      <Filter>Source Files</Filter>
    </ClCompile>
    <ClCompile Include="D:\github\evernus\Evernus\IndustryManufacturingSetupEntity.cpp">
      <Filter>Source Files</Filter>
    </ClCompile>
    <ClCompile Include="D:\github\evernus\Evernus\IndustryManufacturingSetupModel.cpp">
      <Filter>Source Files</Filter>
    </ClCompile>
    <ClCompile Include="D:\github\evernus\Evernus\IndustryManufacturingSetupRepository.cpp">
      <Filter>Source Files</Filter>
    </ClCompile>
    <ClCompile Include="D:\github\evernus\Evernus\IndustryManufacturingWidget.cpp">
      <Filter>Source Files</Filter>
    </ClCompile>
    <ClCompile Include="D:\github\evernus\Evernus\IndustryMiningLedgerWidget.cpp">
      <Filter>Source Files</Filter>
    </ClCompile>
    <ClCompile Include="D:\github\evernus\Evernus\IndustryUtils.cpp">
      <Filter>Source Files</Filter>
    </ClCompile>
    <ClCompile Include="D:\github\evernus\Evernus\IndustryWidget.cpp">
      <Filter>Source Files</Filter>
    </ClCompile>
    <ClCompile Include="D:\github\evernus\Evernus\InterRegionAnalysisWidget.cpp">
      <Filter>Source Files</Filter>
    </ClCompile>
    <ClCompile Include="D:\github\evernus\Evernus\InterRegionMarketDataFilterProxyModel.cpp">
      <Filter>Source Files</Filter>
    </ClCompile>
    <ClCompile Include="D:\github\evernus\Evernus\InterRegionMarketDataModel.cpp">
      <Filter>Source Files</Filter>
    </ClCompile>
    <ClCompile Include="D:\github\evernus\Evernus\InterRegionTypeDetailsWidget.cpp">
      <Filter>Source Files</Filter>
    </ClCompile>
    <ClCompile Include="D:\github\evernus\Evernus\IssuedContractModel.cpp">
      <Filter>Source Files</Filter>
    </ClCompile>
    <ClCompile Include="D:\github\evernus\Evernus\Item.cpp">
      <Filter>Source Files</Filter>
    </ClCompile>
    <ClCompile Include="D:\github\evernus\Evernus\ItemCost.cpp">
      <Filter>Source Files</Filter>
    </ClCompile>
    <ClCompile Include="D:\github\evernus\Evernus\ItemCostEditDialog.cpp">
      <Filter>Source Files</Filter>
    </ClCompile>
    <ClCompile Include="D:\github\evernus\Evernus\ItemCostModel.cpp">
      <Filter>Source Files</Filter>
    </ClCompile>
    <ClCompile Include="D:\github\evernus\Evernus\ItemCostRepository.cpp">
      <Filter>Source Files</Filter>
    </ClCompile>
    <ClCompile Include="D:\github\evernus\Evernus\ItemCostWidget.cpp">
      <Filter>Source Files</Filter>
    </ClCompile>
    <ClCompile Include="D:\github\evernus\Evernus\ItemHistoriesWidget.cpp">
      <Filter>Source Files</Filter>
    </ClCompile>
    <ClCompile Include="D:\github\evernus\Evernus\ItemHistoryWidget.cpp">
      <Filter>Source Files</Filter>
    </ClCompile>
    <ClCompile Include="D:\github\evernus\Evernus\ItemNameModel.cpp">
      <Filter>Source Files</Filter>
    </ClCompile>
    <ClCompile Include="D:\github\evernus\Evernus\ItemRepository.cpp">
      <Filter>Source Files</Filter>
    </ClCompile>
    <ClCompile Include="D:\github\evernus\Evernus\ItemTypeSelectDialog.cpp">
      <Filter>Source Files</Filter>
    </ClCompile>
    <ClCompile Include="D:\github\evernus\Evernus\JSEveDataProvider.cpp">
      <Filter>Source Files</Filter>
    </ClCompile>
    <ClCompile Include="D:\github\evernus\Evernus\LanguageComboBox.cpp">
      <Filter>Source Files</Filter>
    </ClCompile>
    <ClCompile Include="D:\github\evernus\Evernus\LanguageSelectDialog.cpp">
      <Filter>Source Files</Filter>
    </ClCompile>
    <ClCompile Include="D:\github\evernus\Evernus\LeafFilterProxyModel.cpp">
      <Filter>Source Files</Filter>
    </ClCompile>
    <ClCompile Include="D:\github\evernus\Evernus\LMeveAPIManager.cpp">
      <Filter>Source Files</Filter>
    </ClCompile>
    <ClCompile Include="D:\github\evernus\Evernus\LMeveAPIInterface.cpp">
      <Filter>Source Files</Filter>
    </ClCompile>
    <ClCompile Include="D:\github\evernus\Evernus\LMevePreferencesWidget.cpp">
      <Filter>Source Files</Filter>
    </ClCompile>
    <ClCompile Include="D:\github\evernus\Evernus\LMeveTaskModel.cpp">
      <Filter>Source Files</Filter>
    </ClCompile>
    <ClCompile Include="D:\github\evernus\Evernus\LMeveTaskRepository.cpp">
      <Filter>Source Files</Filter>
    </ClCompile>
    <ClCompile Include="D:\github\evernus\Evernus\LMeveWidget.cpp">
      <Filter>Source Files</Filter>
    </ClCompile>
    <ClCompile Include="D:\github\evernus\Evernus\LMeveTask.cpp">
      <Filter>Source Files</Filter>
    </ClCompile>
    <ClCompile Include="D:\github\evernus\Evernus\LocationBookmark.cpp">
      <Filter>Source Files</Filter>
    </ClCompile>
    <ClCompile Include="D:\github\evernus\Evernus\LocationBookmarkRepository.cpp">
      <Filter>Source Files</Filter>
    </ClCompile>
    <ClCompile Include="D:\github\evernus\Evernus\LocationBookmarkSelectDialog.cpp">
      <Filter>Source Files</Filter>
    </ClCompile>
    <ClCompile Include="D:\github\evernus\Evernus\LookupActionGroup.cpp">
      <Filter>Source Files</Filter>
    </ClCompile>
    <ClCompile Include="D:\github\evernus\Evernus\LookupActionGroupModelConnector.cpp">
      <Filter>Source Files</Filter>
    </ClCompile>
    <ClCompile Include="D:\github\evernus\Evernus\main.cpp">
      <Filter>Source Files</Filter>
    </ClCompile>
    <ClCompile Include="D:\github\evernus\Evernus\MainDatabaseConnectionProvider.cpp">
      <Filter>Source Files</Filter>
    </ClCompile>
    <ClCompile Include="D:\github\evernus\Evernus\MainWindow.cpp">
      <Filter>Source Files</Filter>
    </ClCompile>
    <ClCompile Include="D:\github\evernus\Evernus\MarginToolDialog.cpp">
      <Filter>Source Files</Filter>
    </ClCompile>
    <ClCompile Include="D:\github\evernus\Evernus\MarketAnalysisDataFetcher.cpp">
      <Filter>Source Files</Filter>
    </ClCompile>
    <ClCompile Include="D:\github\evernus\Evernus\MarketAnalysisUtils.cpp">
      <Filter>Source Files</Filter>
    </ClCompile>
    <ClCompile Include="D:\github\evernus\Evernus\MarketAnalysisWidget.cpp">
      <Filter>Source Files</Filter>
    </ClCompile>
    <ClCompile Include="D:\github\evernus\Evernus\MarketBrowserWidget.cpp">
      <Filter>Source Files</Filter>
    </ClCompile>
    <ClCompile Include="D:\github\evernus\Evernus\MarketGroup.cpp">
      <Filter>Source Files</Filter>
    </ClCompile>
    <ClCompile Include="D:\github\evernus\Evernus\MarketGroupRepository.cpp">
      <Filter>Source Files</Filter>
    </ClCompile>
    <ClCompile Include="D:\github\evernus\Evernus\MarketLogExternalOrderImporter.cpp">
      <Filter>Source Files</Filter>
    </ClCompile>
    <ClCompile Include="D:\github\evernus\Evernus\MarketLogExternalOrderImporterThread.cpp">
      <Filter>Source Files</Filter>
    </ClCompile>
    <ClCompile Include="D:\github\evernus\Evernus\MarketOrder.cpp">
      <Filter>Source Files</Filter>
    </ClCompile>
    <ClCompile Include="D:\github\evernus\Evernus\MarketOrderArchiveModel.cpp">
      <Filter>Source Files</Filter>
    </ClCompile>
    <ClCompile Include="D:\github\evernus\Evernus\MarketOrderBuyModel.cpp">
      <Filter>Source Files</Filter>
    </ClCompile>
    <ClCompile Include="D:\github\evernus\Evernus\MarketOrderDataFetcher.cpp">
      <Filter>Source Files</Filter>
    </ClCompile>
    <ClCompile Include="D:\github\evernus\Evernus\MarketOrderFilterProxyModel.cpp">
      <Filter>Source Files</Filter>
    </ClCompile>
    <ClCompile Include="D:\github\evernus\Evernus\MarketOrderFilterWidget.cpp">
      <Filter>Source Files</Filter>
    </ClCompile>
    <ClCompile Include="D:\github\evernus\Evernus\MarketOrderInfoWidget.cpp">
      <Filter>Source Files</Filter>
    </ClCompile>
    <ClCompile Include="D:\github\evernus\Evernus\MarketOrderPerformanceModel.cpp">
      <Filter>Source Files</Filter>
    </ClCompile>
    <ClCompile Include="D:\github\evernus\Evernus\MarketOrderPriceStatusesWidget.cpp">
      <Filter>Source Files</Filter>
    </ClCompile>
    <ClCompile Include="D:\github\evernus\Evernus\MarketOrderRepository.cpp">
      <Filter>Source Files</Filter>
    </ClCompile>
    <ClCompile Include="D:\github\evernus\Evernus\MarketOrderSellModel.cpp">
      <Filter>Source Files</Filter>
    </ClCompile>
    <ClCompile Include="D:\github\evernus\Evernus\MarketOrderStatesWidget.cpp">
      <Filter>Source Files</Filter>
    </ClCompile>
    <ClCompile Include="D:\github\evernus\Evernus\MarketOrderTreeModel.cpp">
      <Filter>Source Files</Filter>
    </ClCompile>
    <ClCompile Include="D:\github\evernus\Evernus\MarketOrderValueSnapshot.cpp">
      <Filter>Source Files</Filter>
    </ClCompile>
    <ClCompile Include="D:\github\evernus\Evernus\MarketOrderValueSnapshotRepository.cpp">
      <Filter>Source Files</Filter>
    </ClCompile>
    <ClCompile Include="D:\github\evernus\Evernus\MarketOrderView.cpp">
      <Filter>Source Files</Filter>
    </ClCompile>
    <ClCompile Include="D:\github\evernus\Evernus\MarketOrderViewWithTransactions.cpp">
      <Filter>Source Files</Filter>
    </ClCompile>
    <ClCompile Include="D:\github\evernus\Evernus\MarketOrderVolumeItemDelegate.cpp">
      <Filter>Source Files</Filter>
    </ClCompile>
    <ClCompile Include="D:\github\evernus\Evernus\MarketOrderWidget.cpp">
      <Filter>Source Files</Filter>
    </ClCompile>
    <ClCompile Include="D:\github\evernus\Evernus\MenuBarWidget.cpp">
      <Filter>Source Files</Filter>
    </ClCompile>
    <ClCompile Include="D:\github\evernus\Evernus\MetaGroup.cpp">
      <Filter>Source Files</Filter>
    </ClCompile>
    <ClCompile Include="D:\github\evernus\Evernus\MetaGroupRepository.cpp">
      <Filter>Source Files</Filter>
    </ClCompile>
    <ClCompile Include="D:\github\evernus\Evernus\MiningLedger.cpp">
      <Filter>Source Files</Filter>
    </ClCompile>
    <ClCompile Include="D:\github\evernus\Evernus\MiningLedgerBarGraph.cpp">
      <Filter>Source Files</Filter>
    </ClCompile>
    <ClCompile Include="D:\github\evernus\Evernus\MiningLedgerModel.cpp">
      <Filter>Source Files</Filter>
    </ClCompile>
    <ClCompile Include="D:\github\evernus\Evernus\MiningLedgerRepository.cpp">
      <Filter>Source Files</Filter>
    </ClCompile>
    <ClCompile Include="D:\github\evernus\Evernus\MiningLedgerSolarSystemsModel.cpp">
      <Filter>Source Files</Filter>
    </ClCompile>
    <ClCompile Include="D:\github\evernus\Evernus\MiningLedgerTypesModel.cpp">
      <Filter>Source Files</Filter>
    </ClCompile>
    <ClCompile Include="D:\github\evernus\Evernus\ModelUtils.cpp">
      <Filter>Source Files</Filter>
    </ClCompile>
    <ClCompile Include="D:\github\evernus\Evernus\NetworkPreferencesWidget.cpp">
      <Filter>Source Files</Filter>
    </ClCompile>
    <ClCompile Include="D:\github\evernus\Evernus\NewCharacterController.cpp">
      <Filter>Source Files</Filter>
    </ClCompile>
    <ClCompile Include="D:\github\evernus\Evernus\NumberFormatDelegate.cpp">
      <Filter>Source Files</Filter>
    </ClCompile>
    <ClCompile Include="D:\github\evernus\Evernus\OrderScript.cpp">
      <Filter>Source Files</Filter>
    </ClCompile>
    <ClCompile Include="D:\github\evernus\Evernus\OrderScriptRepository.cpp">
      <Filter>Source Files</Filter>
    </ClCompile>
    <ClCompile Include="D:\github\evernus\Evernus\OreReprocessingArbitrageModel.cpp">
      <Filter>Source Files</Filter>
    </ClCompile>
    <ClCompile Include="D:\github\evernus\Evernus\OreReprocessingArbitrageWidget.cpp">
      <Filter>Source Files</Filter>
    </ClCompile>
    <ClCompile Include="D:\github\evernus\Evernus\OrderPreferencesWidget.cpp">
      <Filter>Source Files</Filter>
    </ClCompile>
    <ClCompile Include="D:\github\evernus\Evernus\PathPreferencesWidget.cpp">
      <Filter>Source Files</Filter>
    </ClCompile>
    <ClCompile Include="D:\github\evernus\Evernus\PathUtils.cpp">
      <Filter>Source Files</Filter>
    </ClCompile>
    <ClCompile Include="D:\github\evernus\Evernus\PreferencesDialog.cpp">
      <Filter>Source Files</Filter>
    </ClCompile>
    <ClCompile Include="D:\github\evernus\Evernus\PricePreferencesWidget.cpp">
      <Filter>Source Files</Filter>
    </ClCompile>
    <ClCompile Include="D:\github\evernus\Evernus\PriceTypeComboBox.cpp">
      <Filter>Source Files</Filter>
    </ClCompile>
    <ClCompile Include="D:\github\evernus\Evernus\PriceUtils.cpp">
      <Filter>Source Files</Filter>
    </ClCompile>
    <ClCompile Include="D:\github\evernus\Evernus\ProgressiveCounter.cpp">
      <Filter>Source Files</Filter>
    </ClCompile>
    <ClCompile Include="D:\github\evernus\Evernus\ProxyWebExternalOrderImporter.cpp">
      <Filter>Source Files</Filter>
    </ClCompile>
    <ClCompile Include="D:\github\evernus\Evernus\qcustomplot.cpp">
      <Filter>Source Files</Filter>
    </ClCompile>
    <ClCompile Include="D:\github\evernus\Evernus\qdropbox2.cpp">
      <Filter>Source Files</Filter>
    </ClCompile>
    <ClCompile Include="D:\github\evernus\Evernus\qdropbox2account.cpp">
      <Filter>Source Files</Filter>
    </ClCompile>
    <ClCompile Include="D:\github\evernus\Evernus\qdropbox2entityinfo.cpp">
      <Filter>Source Files</Filter>
    </ClCompile>
    <ClCompile Include="D:\github\evernus\Evernus\qdropbox2file.cpp">
      <Filter>Source Files</Filter>
    </ClCompile>
    <ClCompile Include="D:\github\evernus\Evernus\qdropbox2folder.cpp">
      <Filter>Source Files</Filter>
    </ClCompile>
    <ClCompile Include="D:\github\evernus\Evernus\qhttpheader.cpp">
      <Filter>Source Files</Filter>
    </ClCompile>
    <ClCompile Include="D:\github\evernus\Evernus\QtScriptSyntaxHighlighter.cpp">
      <Filter>Source Files</Filter>
    </ClCompile>
    <ClCompile Include="D:\github\evernus\Evernus\qxtabstracthttpconnector.cpp">
      <Filter>Source Files</Filter>
    </ClCompile>
    <ClCompile Include="D:\github\evernus\Evernus\qxtabstractwebservice.cpp">
      <Filter>Source Files</Filter>
    </ClCompile>
    <ClCompile Include="D:\github\evernus\Evernus\qxtabstractwebsessionmanager.cpp">
      <Filter>Source Files</Filter>
    </ClCompile>
    <ClCompile Include="D:\github\evernus\Evernus\qxtcsvmodel.cpp">
      <Filter>Source Files</Filter>
    </ClCompile>
    <ClCompile Include="D:\github\evernus\Evernus\qxtfifo.cpp">
      <Filter>Source Files</Filter>
    </ClCompile>
    <ClCompile Include="D:\github\evernus\Evernus\qxtglobal.cpp">
      <Filter>Source Files</Filter>
    </ClCompile>
    <ClCompile Include="D:\github\evernus\Evernus\qxtglobalshortcut.cpp">
      <Filter>Source Files</Filter>
    </ClCompile>
    <ClCompile Include="D:\github\evernus\Evernus\qxthmac.cpp">
      <Filter>Source Files</Filter>
    </ClCompile>
    <ClCompile Include="D:\github\evernus\Evernus\qxthtmltemplate.cpp">
      <Filter>Source Files</Filter>
    </ClCompile>
    <ClCompile Include="D:\github\evernus\Evernus\qxthttpserverconnector.cpp">
      <Filter>Source Files</Filter>
    </ClCompile>
    <ClCompile Include="D:\github\evernus\Evernus\qxthttpsessionmanager.cpp">
      <Filter>Source Files</Filter>
    </ClCompile>
    <ClCompile Include="D:\github\evernus\Evernus\qxtmailattachment.cpp">
      <Filter>Source Files</Filter>
    </ClCompile>
    <ClCompile Include="D:\github\evernus\Evernus\qxtmailmessage.cpp">
      <Filter>Source Files</Filter>
    </ClCompile>
    <ClCompile Include="D:\github\evernus\Evernus\qxtmetaobject.cpp">
      <Filter>Source Files</Filter>
    </ClCompile>
    <ClCompile Include="D:\github\evernus\Evernus\qxtnull.cpp">
      <Filter>Source Files</Filter>
    </ClCompile>
    <ClCompile Include="D:\github\evernus\Evernus\qxtscgiserverconnector.cpp">
      <Filter>Source Files</Filter>
    </ClCompile>
    <ClCompile Include="D:\github\evernus\Evernus\qxtsmtp.cpp">
      <Filter>Source Files</Filter>
    </ClCompile>
    <ClCompile Include="D:\github\evernus\Evernus\qxtsslserver.cpp">
      <Filter>Source Files</Filter>
    </ClCompile>
    <ClCompile Include="D:\github\evernus\Evernus\qxtwebcontent.cpp">
      <Filter>Source Files</Filter>
    </ClCompile>
    <ClCompile Include="D:\github\evernus\Evernus\qxtwebevent.cpp">
      <Filter>Source Files</Filter>
    </ClCompile>
    <ClCompile Include="D:\github\evernus\Evernus\qxtwebslotservice.cpp">
      <Filter>Source Files</Filter>
    </ClCompile>
    <ClCompile Include="D:\github\evernus\Evernus\RegionAnalysisWidget.cpp">
      <Filter>Source Files</Filter>
    </ClCompile>
    <ClCompile Include="D:\github\evernus\Evernus\RegionComboBox.cpp">
      <Filter>Source Files</Filter>
    </ClCompile>
    <ClCompile Include="D:\github\evernus\Evernus\RegionStationPreset.cpp">
      <Filter>Source Files</Filter>
    </ClCompile>
    <ClCompile Include="D:\github\evernus\Evernus\RegionStationPresetDialog.cpp">
      <Filter>Source Files</Filter>
    </ClCompile>
    <ClCompile Include="D:\github\evernus\Evernus\RegionStationPresetRepository.cpp">
      <Filter>Source Files</Filter>
    </ClCompile>
    <ClCompile Include="D:\github\evernus\Evernus\RegionTypePreset.cpp">
      <Filter>Source Files</Filter>
    </ClCompile>
    <ClCompile Include="D:\github\evernus\Evernus\RegionTypePresetRepository.cpp">
      <Filter>Source Files</Filter>
    </ClCompile>
    <ClCompile Include="D:\github\evernus\Evernus\RegionTypeSelectDialog.cpp">
      <Filter>Source Files</Filter>
    </ClCompile>
    <ClCompile Include="D:\github\evernus\Evernus\ReplyTimeout.cpp">
      <Filter>Source Files</Filter>
    </ClCompile>
    <ClCompile Include="D:\github\evernus\Evernus\ReportsWidget.cpp">
      <Filter>Source Files</Filter>
    </ClCompile>
    <ClCompile Include="D:\github\evernus\Evernus\ReprocessingArbitrageModel.cpp">
      <Filter>Source Files</Filter>
    </ClCompile>
    <ClCompile Include="D:\github\evernus\Evernus\ReprocessingArbitrageWidget.cpp">
      <Filter>Source Files</Filter>
    </ClCompile>
    <ClCompile Include="D:\github\evernus\Evernus\ScrapmetalReprocessingArbitrageModel.cpp">
      <Filter>Source Files</Filter>
    </ClCompile>
    <ClCompile Include="D:\github\evernus\Evernus\ScrapmetalReprocessingArbitrageWidget.cpp">
      <Filter>Source Files</Filter>
    </ClCompile>
    <ClCompile Include="D:\github\evernus\Evernus\ScriptOrderProcessingModel.cpp">
      <Filter>Source Files</Filter>
    </ClCompile>
    <ClCompile Include="D:\github\evernus\Evernus\ScriptUtils.cpp">
      <Filter>Source Files</Filter>
    </ClCompile>
    <ClCompile Include="D:\github\evernus\Evernus\SecurityHelper.cpp">
      <Filter>Source Files</Filter>
    </ClCompile>
    <ClCompile Include="D:\github\evernus\Evernus\SellMarketOrdersInfoWidget.cpp">
      <Filter>Source Files</Filter>
    </ClCompile>
    <ClCompile Include="D:\github\evernus\Evernus\SimpleCrypt.cpp">
      <Filter>Source Files</Filter>
    </ClCompile>
    <ClCompile Include="D:\github\evernus\Evernus\SingleRegionComboBox.cpp">
      <Filter>Source Files</Filter>
    </ClCompile>
    <ClCompile Include="D:\github\evernus\Evernus\SizeRememberingWidget.cpp">
      <Filter>Source Files</Filter>
    </ClCompile>
    <ClCompile Include="D:\github\evernus\Evernus\SolarSystemComboBox.cpp">
      <Filter>Source Files</Filter>
    </ClCompile>
    <ClCompile Include="D:\github\evernus\Evernus\SoundPreferencesWidget.cpp">
      <Filter>Source Files</Filter>
    </ClCompile>
    <ClCompile Include="D:\github\evernus\Evernus\SourceDestinationSelectWidget.cpp">
      <Filter>Source Files</Filter>
    </ClCompile>
    <ClCompile Include="D:\github\evernus\Evernus\SSOAuthDialog.cpp">
      <Filter>Source Files</Filter>
    </ClCompile>
    <ClCompile Include="D:\github\evernus\Evernus\SSOMessageBox.cpp">
      <Filter>Source Files</Filter>
    </ClCompile>
    <ClCompile Include="D:\github\evernus\Evernus\SSOUtils.cpp">
      <Filter>Source Files</Filter>
    </ClCompile>
    <ClCompile Include="D:\github\evernus\Evernus\StandardModelProxyWidget.cpp">
      <Filter>Source Files</Filter>
    </ClCompile>
    <ClCompile Include="D:\github\evernus\Evernus\StationModel.cpp">
      <Filter>Source Files</Filter>
    </ClCompile>
    <ClCompile Include="D:\github\evernus\Evernus\StationSelectButton.cpp">
      <Filter>Source Files</Filter>
    </ClCompile>
    <ClCompile Include="D:\github\evernus\Evernus\StationSelectDialog.cpp">
      <Filter>Source Files</Filter>
    </ClCompile>
    <ClCompile Include="D:\github\evernus\Evernus\StationView.cpp">
      <Filter>Source Files</Filter>
    </ClCompile>
    <ClCompile Include="D:\github\evernus\Evernus\StatisticsPreferencesWidget.cpp">
      <Filter>Source Files</Filter>
    </ClCompile>
    <ClCompile Include="D:\github\evernus\Evernus\StatisticsWidget.cpp">
      <Filter>Source Files</Filter>
    </ClCompile>
    <ClCompile Include="D:\github\evernus\Evernus\StructureHuntInterface.cpp">
      <Filter>Source Files</Filter>
    </ClCompile>
    <ClCompile Include="D:\github\evernus\Evernus\StyledTreeView.cpp">
      <Filter>Source Files</Filter>
    </ClCompile>
    <ClCompile Include="D:\github\evernus\Evernus\StyledTreeViewItemDelegate.cpp">
      <Filter>Source Files</Filter>
    </ClCompile>
    <ClCompile Include="D:\github\evernus\Evernus\SyncDialog.cpp">
      <Filter>Source Files</Filter>
    </ClCompile>
    <ClCompile Include="D:\github\evernus\Evernus\SyncPreferencesWidget.cpp">
      <Filter>Source Files</Filter>
    </ClCompile>
    <ClCompile Include="D:\github\evernus\Evernus\TextFilterWidget.cpp">
      <Filter>Source Files</Filter>
    </ClCompile>
    <ClCompile Include="D:\github\evernus\Evernus\TextUtils.cpp">
      <Filter>Source Files</Filter>
    </ClCompile>
    <ClCompile Include="D:\github\evernus\Evernus\TradeableTypesTreeModel.cpp">
      <Filter>Source Files</Filter>
    </ClCompile>
    <ClCompile Include="D:\github\evernus\Evernus\TradeableTypesTreeView.cpp">
      <Filter>Source Files</Filter>
    </ClCompile>
    <ClCompile Include="D:\github\evernus\Evernus\TypeAggregatedDetailsFilterWidget.cpp">
      <Filter>Source Files</Filter>
    </ClCompile>
    <ClCompile Include="D:\github\evernus\Evernus\TypeAggregatedDetailsWidget.cpp">
      <Filter>Source Files</Filter>
    </ClCompile>
    <ClCompile Include="D:\github\evernus\Evernus\TypeAggregatedGraphWidget.cpp">
      <Filter>Source Files</Filter>
    </ClCompile>
    <ClCompile Include="D:\github\evernus\Evernus\TypeAggregatedMarketDataFilterProxyModel.cpp">
      <Filter>Source Files</Filter>
    </ClCompile>
    <ClCompile Include="D:\github\evernus\Evernus\TypeAggregatedMarketDataModel.cpp">
      <Filter>Source Files</Filter>
    </ClCompile>
    <ClCompile Include="D:\github\evernus\Evernus\TypeLookupUtils.cpp">
      <Filter>Source Files</Filter>
    </ClCompile>
    <ClCompile Include="D:\github\evernus\Evernus\TypePerformanceModel.cpp">
      <Filter>Source Files</Filter>
    </ClCompile>
    <ClCompile Include="D:\github\evernus\Evernus\TypeSellPriceResolver.cpp">
      <Filter>Source Files</Filter>
    </ClCompile>
    <ClCompile Include="D:\github\evernus\Evernus\Updater.cpp">
      <Filter>Source Files</Filter>
    </ClCompile>
    <ClCompile Include="D:\github\evernus\Evernus\UpdateTimer.cpp">
      <Filter>Source Files</Filter>
    </ClCompile>
    <ClCompile Include="D:\github\evernus\Evernus\UpdateTimerRepository.cpp">
      <Filter>Source Files</Filter>
    </ClCompile>
    <ClCompile Include="D:\github\evernus\Evernus\WalletEntryFilterWidget.cpp">
      <Filter>Source Files</Filter>
    </ClCompile>
    <ClCompile Include="D:\github\evernus\Evernus\WalletJournalEntry.cpp">
      <Filter>Source Files</Filter>
    </ClCompile>
    <ClCompile Include="D:\github\evernus\Evernus\WalletJournalEntryRepository.cpp">
      <Filter>Source Files</Filter>
    </ClCompile>
    <ClCompile Include="D:\github\evernus\Evernus\WalletJournalModel.cpp">
      <Filter>Source Files</Filter>
    </ClCompile>
    <ClCompile Include="D:\github\evernus\Evernus\WalletJournalWidget.cpp">
      <Filter>Source Files</Filter>
    </ClCompile>
    <ClCompile Include="D:\github\evernus\Evernus\WalletPreferencesWidget.cpp">
      <Filter>Source Files</Filter>
    </ClCompile>
    <ClCompile Include="D:\github\evernus\Evernus\WalletSnapshot.cpp">
      <Filter>Source Files</Filter>
    </ClCompile>
    <ClCompile Include="D:\github\evernus\Evernus\WalletSnapshotRepository.cpp">
      <Filter>Source Files</Filter>
    </ClCompile>
    <ClCompile Include="D:\github\evernus\Evernus\WalletTransaction.cpp">
      <Filter>Source Files</Filter>
    </ClCompile>
    <ClCompile Include="D:\github\evernus\Evernus\WalletTransactionRepository.cpp">
      <Filter>Source Files</Filter>
    </ClCompile>
    <ClCompile Include="D:\github\evernus\Evernus\WalletTransactionsModel.cpp">
      <Filter>Source Files</Filter>
    </ClCompile>
    <ClCompile Include="D:\github\evernus\Evernus\WalletTransactionsWidget.cpp">
      <Filter>Source Files</Filter>
    </ClCompile>
    <ClCompile Include="D:\github\evernus\Evernus\WalletTransactionView.cpp">
      <Filter>Source Files</Filter>
    </ClCompile>
    <ClCompile Include="D:\github\evernus\Evernus\WarningBarWidget.cpp">
      <Filter>Source Files</Filter>
    </ClCompile>
    <ClCompile Include="D:\github\evernus\Evernus\qxtglobalshortcut_win.cpp">
      <Filter>Source Files</Filter>
    </ClCompile>
    <ClCompile Include="D:\github\evernus\Evernus\Evernus_autogen\EWIEGA46WW\qrc_evernus.cpp">
      <Filter>Source Files</Filter>
    </ClCompile>
    <ClCompile Include="D:\github\evernus\Evernus\Evernus_autogen\mocs_compilation_Release.cpp">
      <Filter>Source Files</Filter>
    </ClCompile>
    <ClCompile Include="D:\github\evernus\Evernus\Evernus_autogen\mocs_compilation_MinSizeRel.cpp">
      <Filter>Source Files</Filter>
    </ClCompile>
    <ClCompile Include="D:\github\evernus\Evernus\Evernus_autogen\mocs_compilation_RelWithDebInfo.cpp">
      <Filter>Source Files</Filter>
    </ClCompile>
  </ItemGroup>
  <ItemGroup>
    <ClInclude Include="D:\github\evernus\Evernus\AboutDialog.h">
      <Filter>Header Files</Filter>
    </ClInclude>
    <ClInclude Include="D:\github\evernus\Evernus\ActiveTasksDialog.h">
      <Filter>Header Files</Filter>
    </ClInclude>
    <ClInclude Include="D:\github\evernus\Evernus\AdjustableTableView.h">
      <Filter>Header Files</Filter>
    </ClInclude>
    <ClInclude Include="D:\github\evernus\Evernus\AdvancedStatisticsWidget.h">
      <Filter>Header Files</Filter>
    </ClInclude>
    <ClInclude Include="D:\github\evernus\Evernus\AggregatedAssetModel.h">
      <Filter>Header Files</Filter>
    </ClInclude>
    <ClInclude Include="D:\github\evernus\Evernus\AggregatedEventProcessor.h">
      <Filter>Header Files</Filter>
    </ClInclude>
    <ClInclude Include="D:\github\evernus\Evernus\AggregatedStatisticsModel.h">
      <Filter>Header Files</Filter>
    </ClInclude>
    <ClInclude Include="D:\github\evernus\Evernus\ArbitrageUtils.h">
      <Filter>Header Files</Filter>
    </ClInclude>
    <ClInclude Include="D:\github\evernus\Evernus\AssetList.h">
      <Filter>Header Files</Filter>
    </ClInclude>
    <ClInclude Include="D:\github\evernus\Evernus\AssetListRepository.h">
      <Filter>Header Files</Filter>
    </ClInclude>
    <ClInclude Include="D:\github\evernus\Evernus\AssetModel.h">
      <Filter>Header Files</Filter>
    </ClInclude>
    <ClInclude Include="D:\github\evernus\Evernus\AssetProvider.h">
      <Filter>Header Files</Filter>
    </ClInclude>
    <ClInclude Include="D:\github\evernus\Evernus\AssetsImportPreferencesWidget.h">
      <Filter>Header Files</Filter>
    </ClInclude>
    <ClInclude Include="D:\github\evernus\Evernus\AssetsWidget.h">
      <Filter>Header Files</Filter>
    </ClInclude>
    <ClInclude Include="D:\github\evernus\Evernus\AssetValueSnapshot.h">
      <Filter>Header Files</Filter>
    </ClInclude>
    <ClInclude Include="D:\github\evernus\Evernus\AssetValueSnapshotRepository.h">
      <Filter>Header Files</Filter>
    </ClInclude>
    <ClInclude Include="D:\github\evernus\Evernus\AssignedContractModel.h">
      <Filter>Header Files</Filter>
    </ClInclude>
    <ClInclude Include="D:\github\evernus\Evernus\BasicStatisticsWidget.h">
      <Filter>Header Files</Filter>
    </ClInclude>
    <ClInclude Include="D:\github\evernus\Evernus\ButtonWithTimer.h">
      <Filter>Header Files</Filter>
    </ClInclude>
    <ClInclude Include="D:\github\evernus\Evernus\BezierCurve.h">
      <Filter>Header Files</Filter>
    </ClInclude>
    <ClInclude Include="D:\github\evernus\Evernus\Blueprint.h">
      <Filter>Header Files</Filter>
    </ClInclude>
    <ClInclude Include="D:\github\evernus\Evernus\CacheTimer.h">
      <Filter>Header Files</Filter>
    </ClInclude>
    <ClInclude Include="D:\github\evernus\Evernus\CacheTimerProvider.h">
      <Filter>Header Files</Filter>
    </ClInclude>
    <ClInclude Include="D:\github\evernus\Evernus\CacheTimerRepository.h">
      <Filter>Header Files</Filter>
    </ClInclude>
    <ClInclude Include="D:\github\evernus\Evernus\CachingAssetProvider.h">
      <Filter>Header Files</Filter>
    </ClInclude>
    <ClInclude Include="D:\github\evernus\Evernus\CachingContractProvider.h">
      <Filter>Header Files</Filter>
    </ClInclude>
    <ClInclude Include="D:\github\evernus\Evernus\CachingEveDataProvider.h">
      <Filter>Header Files</Filter>
    </ClInclude>
    <ClInclude Include="D:\github\evernus\Evernus\CachingMarketOrderProvider.h">
      <Filter>Header Files</Filter>
    </ClInclude>
    <ClInclude Include="D:\github\evernus\Evernus\CachingNetworkAccessManagerFactory.h">
      <Filter>Header Files</Filter>
    </ClInclude>
    <ClInclude Include="D:\github\evernus\Evernus\CalculatingDataWidget.h">
      <Filter>Header Files</Filter>
    </ClInclude>
    <ClInclude Include="D:\github\evernus\Evernus\CallbackEvent.h">
      <Filter>Header Files</Filter>
    </ClInclude>
    <ClInclude Include="D:\github\evernus\Evernus\CallbackExternalOrderImporter.h">
      <Filter>Header Files</Filter>
    </ClInclude>
    <ClInclude Include="D:\github\evernus\Evernus\ChainableFileLogger.h">
      <Filter>Header Files</Filter>
    </ClInclude>
    <ClInclude Include="D:\github\evernus\Evernus\Character.h">
      <Filter>Header Files</Filter>
    </ClInclude>
    <ClInclude Include="D:\github\evernus\Evernus\CharacterBoundWidget.h">
      <Filter>Header Files</Filter>
    </ClInclude>
    <ClInclude Include="D:\github\evernus\Evernus\CharacterCorporationCombinedMarketOrderProvider.h">
      <Filter>Header Files</Filter>
    </ClInclude>
    <ClInclude Include="D:\github\evernus\Evernus\CharacterData.h">
      <Filter>Header Files</Filter>
    </ClInclude>
    <ClInclude Include="D:\github\evernus\Evernus\CharacterImportPreferencesWidget.h">
      <Filter>Header Files</Filter>
    </ClInclude>
    <ClInclude Include="D:\github\evernus\Evernus\CharacterManagerDialog.h">
      <Filter>Header Files</Filter>
    </ClInclude>
    <ClInclude Include="D:\github\evernus\Evernus\CharacterModel.h">
      <Filter>Header Files</Filter>
    </ClInclude>
    <ClInclude Include="D:\github\evernus\Evernus\CharacterRepository.h">
      <Filter>Header Files</Filter>
    </ClInclude>
    <ClInclude Include="D:\github\evernus\Evernus\CharacterWidget.h">
      <Filter>Header Files</Filter>
    </ClInclude>
    <ClInclude Include="D:\github\evernus\Evernus\CheckableTreeView.h">
      <Filter>Header Files</Filter>
    </ClInclude>
    <ClInclude Include="D:\github\evernus\Evernus\Citadel.h">
      <Filter>Header Files</Filter>
    </ClInclude>
    <ClInclude Include="D:\github\evernus\Evernus\CitadelAccessCache.h">
      <Filter>Header Files</Filter>
    </ClInclude>
    <ClInclude Include="D:\github\evernus\Evernus\CitadelEditDialog.h">
      <Filter>Header Files</Filter>
    </ClInclude>
    <ClInclude Include="D:\github\evernus\Evernus\CitadelManagementModel.h">
      <Filter>Header Files</Filter>
    </ClInclude>
    <ClInclude Include="D:\github\evernus\Evernus\CitadelManagementWidget.h">
      <Filter>Header Files</Filter>
    </ClInclude>
    <ClInclude Include="D:\github\evernus\Evernus\CitadelManager.h">
      <Filter>Header Files</Filter>
    </ClInclude>
    <ClInclude Include="D:\github\evernus\Evernus\CitadelManagerDialog.h">
      <Filter>Header Files</Filter>
    </ClInclude>
    <ClInclude Include="D:\github\evernus\Evernus\CitadelRepository.h">
      <Filter>Header Files</Filter>
    </ClInclude>
    <ClInclude Include="D:\github\evernus\Evernus\ClickableLabel.h">
      <Filter>Header Files</Filter>
    </ClInclude>
    <ClInclude Include="D:\github\evernus\Evernus\ColorButton.h">
      <Filter>Header Files</Filter>
    </ClInclude>
    <ClInclude Include="D:\github\evernus\Evernus\CommandLineOptions.h">
      <Filter>Header Files</Filter>
    </ClInclude>
    <ClInclude Include="D:\github\evernus\Evernus\CommonScriptAPI.h">
      <Filter>Header Files</Filter>
    </ClInclude>
    <ClInclude Include="D:\github\evernus\Evernus\Contract.h">
      <Filter>Header Files</Filter>
    </ClInclude>
    <ClInclude Include="D:\github\evernus\Evernus\ContractFilterProxyModel.h">
      <Filter>Header Files</Filter>
    </ClInclude>
    <ClInclude Include="D:\github\evernus\Evernus\ContractImportPreferencesWidget.h">
      <Filter>Header Files</Filter>
    </ClInclude>
    <ClInclude Include="D:\github\evernus\Evernus\ContractItem.h">
      <Filter>Header Files</Filter>
    </ClInclude>
    <ClInclude Include="D:\github\evernus\Evernus\ContractItemRepository.h">
      <Filter>Header Files</Filter>
    </ClInclude>
    <ClInclude Include="D:\github\evernus\Evernus\ContractModel.h">
      <Filter>Header Files</Filter>
    </ClInclude>
    <ClInclude Include="D:\github\evernus\Evernus\ContractProvider.h">
      <Filter>Header Files</Filter>
    </ClInclude>
    <ClInclude Include="D:\github\evernus\Evernus\ContractRepository.h">
      <Filter>Header Files</Filter>
    </ClInclude>
    <ClInclude Include="D:\github\evernus\Evernus\Contracts.h">
      <Filter>Header Files</Filter>
    </ClInclude>
    <ClInclude Include="D:\github\evernus\Evernus\ContractStatusesWidget.h">
      <Filter>Header Files</Filter>
    </ClInclude>
    <ClInclude Include="D:\github\evernus\Evernus\ContractView.h">
      <Filter>Header Files</Filter>
    </ClInclude>
    <ClInclude Include="D:\github\evernus\Evernus\ContractWidget.h">
      <Filter>Header Files</Filter>
    </ClInclude>
    <ClInclude Include="D:\github\evernus\Evernus\CorpAssetValueSnapshot.h">
      <Filter>Header Files</Filter>
    </ClInclude>
    <ClInclude Include="D:\github\evernus\Evernus\CorpAssetValueSnapshotRepository.h">
      <Filter>Header Files</Filter>
    </ClInclude>
    <ClInclude Include="D:\github\evernus\Evernus\CorpImportPreferencesWidget.h">
      <Filter>Header Files</Filter>
    </ClInclude>
    <ClInclude Include="D:\github\evernus\Evernus\CorpMarketOrderValueSnapshot.h">
      <Filter>Header Files</Filter>
    </ClInclude>
    <ClInclude Include="D:\github\evernus\Evernus\CorpMarketOrderValueSnapshotRepository.h">
      <Filter>Header Files</Filter>
    </ClInclude>
    <ClInclude Include="D:\github\evernus\Evernus\CorpWalletSnapshot.h">
      <Filter>Header Files</Filter>
    </ClInclude>
    <ClInclude Include="D:\github\evernus\Evernus\CorpWalletSnapshotRepository.h">
      <Filter>Header Files</Filter>
    </ClInclude>
    <ClInclude Include="D:\github\evernus\Evernus\CustomFPCDialog.h">
      <Filter>Header Files</Filter>
    </ClInclude>
    <ClInclude Include="D:\github\evernus\Evernus\DatabaseConnectionProvider.h">
      <Filter>Header Files</Filter>
    </ClInclude>
    <ClInclude Include="D:\github\evernus\Evernus\DatabaseUtils.h">
      <Filter>Header Files</Filter>
    </ClInclude>
    <ClInclude Include="D:\github\evernus\Evernus\DateFilteredPlotWidget.h">
      <Filter>Header Files</Filter>
    </ClInclude>
    <ClInclude Include="D:\github\evernus\Evernus\DateRangeWidget.h">
      <Filter>Header Files</Filter>
    </ClInclude>
    <ClInclude Include="D:\github\evernus\Evernus\DarkModeColor.h">
      <Filter>Header Files</Filter>
    </ClInclude>
    <ClInclude Include="D:\github\evernus\Evernus\DbSettings.h">
      <Filter>Header Files</Filter>
    </ClInclude>
    <ClInclude Include="D:\github\evernus\Evernus\Defines.h">
      <Filter>Header Files</Filter>
    </ClInclude>
    <ClInclude Include="D:\github\evernus\Evernus\DeviationSourceWidget.h">
      <Filter>Header Files</Filter>
    </ClInclude>
    <ClInclude Include="D:\github\evernus\Evernus\DontSaveImportedOrdersCheckBox.h">
      <Filter>Header Files</Filter>
    </ClInclude>
    <ClInclude Include="D:\github\evernus\Evernus\DoubleTypeAggregatedDetailsWidget.h">
      <Filter>Header Files</Filter>
    </ClInclude>
    <ClInclude Include="D:\github\evernus\Evernus\DoubleTypeCompareWidget.h">
      <Filter>Header Files</Filter>
    </ClInclude>
    <ClInclude Include="D:\github\evernus\Evernus\DumpUploader.h">
      <Filter>Header Files</Filter>
    </ClInclude>
    <ClInclude Include="D:\github\evernus\Evernus\Entity.h">
      <Filter>Header Files</Filter>
    </ClInclude>
    <ClInclude Include="D:\github\evernus\Evernus\ESIExternalOrderImporter.h">
      <Filter>Header Files</Filter>
    </ClInclude>
    <ClInclude Include="D:\github\evernus\Evernus\ESIIndividualExternalOrderImporter.h">
      <Filter>Header Files</Filter>
    </ClInclude>
    <ClInclude Include="D:\github\evernus\Evernus\ESIInterface.h">
      <Filter>Header Files</Filter>
    </ClInclude>
    <ClInclude Include="D:\github\evernus\Evernus\ESIInterfaceErrorLimiter.h">
      <Filter>Header Files</Filter>
    </ClInclude>
    <ClInclude Include="D:\github\evernus\Evernus\ESIInterfaceManager.h">
      <Filter>Header Files</Filter>
    </ClInclude>
    <ClInclude Include="D:\github\evernus\Evernus\ESIManager.h">
      <Filter>Header Files</Filter>
    </ClInclude>
    <ClInclude Include="D:\github\evernus\Evernus\ESINetworkAccessManager.h">
      <Filter>Header Files</Filter>
    </ClInclude>
    <ClInclude Include="D:\github\evernus\Evernus\ESIOAuth.h">
      <Filter>Header Files</Filter>
    </ClInclude>
    <ClInclude Include="D:\github\evernus\Evernus\ESIOAuth2AuthorizationCodeFlow.h">
      <Filter>Header Files</Filter>
    </ClInclude>
    <ClInclude Include="D:\github\evernus\Evernus\ESIOAuth2CharacterAuthorizationCodeFlow.h">
      <Filter>Header Files</Filter>
    </ClInclude>
    <ClInclude Include="D:\github\evernus\Evernus\ESIOAuth2UnknownCharacterAuthorizationCodeFlow.h">
      <Filter>Header Files</Filter>
    </ClInclude>
    <ClInclude Include="D:\github\evernus\Evernus\ESIOAuthReplyHandler.h">
      <Filter>Header Files</Filter>
    </ClInclude>
    <ClInclude Include="D:\github\evernus\Evernus\ESIUrls.h">
      <Filter>Header Files</Filter>
    </ClInclude>
    <ClInclude Include="D:\github\evernus\Evernus\ESIWholeExternalOrderImporter.h">
      <Filter>Header Files</Filter>
    </ClInclude>
    <ClInclude Include="D:\github\evernus\Evernus\EveDatabaseConnectionProvider.h">
      <Filter>Header Files</Filter>
    </ClInclude>
    <ClInclude Include="D:\github\evernus\Evernus\EveDatabaseUpdater.h">
      <Filter>Header Files</Filter>
    </ClInclude>
    <ClInclude Include="D:\github\evernus\Evernus\EveDataManagerProvider.h">
      <Filter>Header Files</Filter>
    </ClInclude>
    <ClInclude Include="D:\github\evernus\Evernus\EveDataProvider.h">
      <Filter>Header Files</Filter>
    </ClInclude>
    <ClInclude Include="D:\github\evernus\Evernus\EvernusApplication.h">
      <Filter>Header Files</Filter>
    </ClInclude>
    <ClInclude Include="D:\github\evernus\Evernus\EveType.h">
      <Filter>Header Files</Filter>
    </ClInclude>
    <ClInclude Include="D:\github\evernus\Evernus\EveTypeProvider.h">
      <Filter>Header Files</Filter>
    </ClInclude>
    <ClInclude Include="D:\github\evernus\Evernus\EveTypeRepository.h">
      <Filter>Header Files</Filter>
    </ClInclude>
    <ClInclude Include="D:\github\evernus\Evernus\ExcelDoubleSpinBox.h">
      <Filter>Header Files</Filter>
    </ClInclude>
    <ClInclude Include="D:\github\evernus\Evernus\ExternalOrder.h">
      <Filter>Header Files</Filter>
    </ClInclude>
    <ClInclude Include="D:\github\evernus\Evernus\ExternalOrderBuyModel.h">
      <Filter>Header Files</Filter>
    </ClInclude>
    <ClInclude Include="D:\github\evernus\Evernus\ExternalOrderFilterProxyModel.h">
      <Filter>Header Files</Filter>
    </ClInclude>
    <ClInclude Include="D:\github\evernus\Evernus\ExternalOrderImporter.h">
      <Filter>Header Files</Filter>
    </ClInclude>
    <ClInclude Include="D:\github\evernus\Evernus\ExternalOrderImporterNames.h">
      <Filter>Header Files</Filter>
    </ClInclude>
    <ClInclude Include="D:\github\evernus\Evernus\ExternalOrderImporterRegistry.h">
      <Filter>Header Files</Filter>
    </ClInclude>
    <ClInclude Include="D:\github\evernus\Evernus\ExternalOrderModel.h">
      <Filter>Header Files</Filter>
    </ClInclude>
    <ClInclude Include="D:\github\evernus\Evernus\ExternalOrderRepository.h">
      <Filter>Header Files</Filter>
    </ClInclude>
    <ClInclude Include="D:\github\evernus\Evernus\ExternalOrderSellModel.h">
      <Filter>Header Files</Filter>
    </ClInclude>
    <ClInclude Include="D:\github\evernus\Evernus\ExternalOrderView.h">
      <Filter>Header Files</Filter>
    </ClInclude>
    <ClInclude Include="D:\github\evernus\Evernus\FavoriteItem.h">
      <Filter>Header Files</Filter>
    </ClInclude>
    <ClInclude Include="D:\github\evernus\Evernus\FavoriteItemRepository.h">
      <Filter>Header Files</Filter>
    </ClInclude>
    <ClInclude Include="D:\github\evernus\Evernus\FavoriteLocationsButton.h">
      <Filter>Header Files</Filter>
    </ClInclude>
    <ClInclude Include="D:\github\evernus\Evernus\FileDownload.h">
      <Filter>Header Files</Filter>
    </ClInclude>
    <ClInclude Include="D:\github\evernus\Evernus\FilterText.h">
      <Filter>Header Files</Filter>
    </ClInclude>
    <ClInclude Include="D:\github\evernus\Evernus\FilterTextRepository.h">
      <Filter>Header Files</Filter>
    </ClInclude>
    <ClInclude Include="D:\github\evernus\Evernus\FlowLayout.h">
      <Filter>Header Files</Filter>
    </ClInclude>
    <ClInclude Include="D:\github\evernus\Evernus\FPCController.h">
      <Filter>Header Files</Filter>
    </ClInclude>
    <ClInclude Include="D:\github\evernus\Evernus\GeneralPreferencesWidget.h">
      <Filter>Header Files</Filter>
    </ClInclude>
    <ClInclude Include="D:\github\evernus\Evernus\GenericMarketOrdersInfoWidget.h">
      <Filter>Header Files</Filter>
    </ClInclude>
    <ClInclude Include="D:\github\evernus\Evernus\HttpPreferencesWidget.h">
      <Filter>Header Files</Filter>
    </ClInclude>
    <ClInclude Include="D:\github\evernus\Evernus\HttpService.h">
      <Filter>Header Files</Filter>
    </ClInclude>
    <ClInclude Include="D:\github\evernus\Evernus\HttpSettings.h">
      <Filter>Header Files</Filter>
    </ClInclude>
    <ClInclude Include="D:\github\evernus\Evernus\IconUtils.h">
      <Filter>Header Files</Filter>
    </ClInclude>
    <ClInclude Include="D:\github\evernus\Evernus\ImportingAnalysisWidget.h">
      <Filter>Header Files</Filter>
    </ClInclude>
    <ClInclude Include="D:\github\evernus\Evernus\ImportingDataModel.h">
      <Filter>Header Files</Filter>
    </ClInclude>
    <ClInclude Include="D:\github\evernus\Evernus\ImportingDataModelProxyModel.h">
      <Filter>Header Files</Filter>
    </ClInclude>
    <ClInclude Include="D:\github\evernus\Evernus\ImportPreferencesWidget.h">
      <Filter>Header Files</Filter>
    </ClInclude>
    <ClInclude Include="D:\github\evernus\Evernus\ImportSettings.h">
      <Filter>Header Files</Filter>
    </ClInclude>
    <ClInclude Include="D:\github\evernus\Evernus\ImportSourcePreferencesWidget.h">
      <Filter>Header Files</Filter>
    </ClInclude>
    <ClInclude Include="D:\github\evernus\Evernus\IndustryCostIndices.h">
      <Filter>Header Files</Filter>
    </ClInclude>
    <ClInclude Include="D:\github\evernus\Evernus\IndustryImportPreferencesWidget.h">
      <Filter>Header Files</Filter>
    </ClInclude>
    <ClInclude Include="D:\github\evernus\Evernus\IndustryManufacturingSetup.h">
      <Filter>Header Files</Filter>
    </ClInclude>
    <ClInclude Include="D:\github\evernus\Evernus\IndustryManufacturingSetupController.h">
      <Filter>Header Files</Filter>
    </ClInclude>
    <ClInclude Include="D:\github\evernus\Evernus\IndustryManufacturingSetupEntity.h">
      <Filter>Header Files</Filter>
    </ClInclude>
    <ClInclude Include="D:\github\evernus\Evernus\IndustryManufacturingSetupModel.h">
      <Filter>Header Files</Filter>
    </ClInclude>
    <ClInclude Include="D:\github\evernus\Evernus\IndustryManufacturingSetupRepository.h">
      <Filter>Header Files</Filter>
    </ClInclude>
    <ClInclude Include="D:\github\evernus\Evernus\IndustryManufacturingWidget.h">
      <Filter>Header Files</Filter>
    </ClInclude>
    <ClInclude Include="D:\github\evernus\Evernus\IndustryMiningLedgerWidget.h">
      <Filter>Header Files</Filter>
    </ClInclude>
    <ClInclude Include="D:\github\evernus\Evernus\IndustrySettings.h">
      <Filter>Header Files</Filter>
    </ClInclude>
    <ClInclude Include="D:\github\evernus\Evernus\IndustryUtils.h">
      <Filter>Header Files</Filter>
    </ClInclude>
    <ClInclude Include="D:\github\evernus\Evernus\IndustryWidget.h">
      <Filter>Header Files</Filter>
    </ClInclude>
    <ClInclude Include="D:\github\evernus\Evernus\InterRegionAnalysisWidget.h">
      <Filter>Header Files</Filter>
    </ClInclude>
    <ClInclude Include="D:\github\evernus\Evernus\InterRegionMarketDataFilterProxyModel.h">
      <Filter>Header Files</Filter>
    </ClInclude>
    <ClInclude Include="D:\github\evernus\Evernus\InterRegionMarketDataModel.h">
      <Filter>Header Files</Filter>
    </ClInclude>
    <ClInclude Include="D:\github\evernus\Evernus\InterRegionTypeDetailsWidget.h">
      <Filter>Header Files</Filter>
    </ClInclude>
    <ClInclude Include="D:\github\evernus\Evernus\IssuedContractModel.h">
      <Filter>Header Files</Filter>
    </ClInclude>
    <ClInclude Include="D:\github\evernus\Evernus\Item.h">
      <Filter>Header Files</Filter>
    </ClInclude>
    <ClInclude Include="D:\github\evernus\Evernus\ItemCost.h">
      <Filter>Header Files</Filter>
    </ClInclude>
    <ClInclude Include="D:\github\evernus\Evernus\ItemCostEditDialog.h">
      <Filter>Header Files</Filter>
    </ClInclude>
    <ClInclude Include="D:\github\evernus\Evernus\ItemCostModel.h">
      <Filter>Header Files</Filter>
    </ClInclude>
    <ClInclude Include="D:\github\evernus\Evernus\ItemCostProvider.h">
      <Filter>Header Files</Filter>
    </ClInclude>
    <ClInclude Include="D:\github\evernus\Evernus\ItemCostRepository.h">
      <Filter>Header Files</Filter>
    </ClInclude>
    <ClInclude Include="D:\github\evernus\Evernus\ItemCostWidget.h">
      <Filter>Header Files</Filter>
    </ClInclude>
    <ClInclude Include="D:\github\evernus\Evernus\ItemData.h">
      <Filter>Header Files</Filter>
    </ClInclude>
    <ClInclude Include="D:\github\evernus\Evernus\ItemHistoriesWidget.h">
      <Filter>Header Files</Filter>
    </ClInclude>
    <ClInclude Include="D:\github\evernus\Evernus\ItemHistoryWidget.h">
      <Filter>Header Files</Filter>
    </ClInclude>
    <ClInclude Include="D:\github\evernus\Evernus\ItemNameModel.h">
      <Filter>Header Files</Filter>
    </ClInclude>
    <ClInclude Include="D:\github\evernus\Evernus\ItemRepository.h">
      <Filter>Header Files</Filter>
    </ClInclude>
    <ClInclude Include="D:\github\evernus\Evernus\ItemTypeSelectDialog.h">
      <Filter>Header Files</Filter>
    </ClInclude>
    <ClInclude Include="D:\github\evernus\Evernus\JSEveDataProvider.h">
      <Filter>Header Files</Filter>
    </ClInclude>
    <ClInclude Include="D:\github\evernus\Evernus\LanguageComboBox.h">
      <Filter>Header Files</Filter>
    </ClInclude>
    <ClInclude Include="D:\github\evernus\Evernus\LanguageSelectDialog.h">
      <Filter>Header Files</Filter>
    </ClInclude>
    <ClInclude Include="D:\github\evernus\Evernus\LeafFilterProxyModel.h">
      <Filter>Header Files</Filter>
    </ClInclude>
    <ClInclude Include="D:\github\evernus\Evernus\LMeveAPIManager.h">
      <Filter>Header Files</Filter>
    </ClInclude>
    <ClInclude Include="D:\github\evernus\Evernus\LMeveAPIInterface.h">
      <Filter>Header Files</Filter>
    </ClInclude>
    <ClInclude Include="D:\github\evernus\Evernus\LMeveDataProvider.h">
      <Filter>Header Files</Filter>
    </ClInclude>
    <ClInclude Include="D:\github\evernus\Evernus\LMevePreferencesWidget.h">
      <Filter>Header Files</Filter>
    </ClInclude>
    <ClInclude Include="D:\github\evernus\Evernus\LMeveTaskModel.h">
      <Filter>Header Files</Filter>
    </ClInclude>
    <ClInclude Include="D:\github\evernus\Evernus\LMeveTaskRepository.h">
      <Filter>Header Files</Filter>
    </ClInclude>
    <ClInclude Include="D:\github\evernus\Evernus\LMeveWidget.h">
      <Filter>Header Files</Filter>
    </ClInclude>
    <ClInclude Include="D:\github\evernus\Evernus\LMeveSettings.h">
      <Filter>Header Files</Filter>
    </ClInclude>
    <ClInclude Include="D:\github\evernus\Evernus\LMeveTask.h">
      <Filter>Header Files</Filter>
    </ClInclude>
    <ClInclude Include="D:\github\evernus\Evernus\LocationBookmark.h">
      <Filter>Header Files</Filter>
    </ClInclude>
    <ClInclude Include="D:\github\evernus\Evernus\LocationBookmarkRepository.h">
      <Filter>Header Files</Filter>
    </ClInclude>
    <ClInclude Include="D:\github\evernus\Evernus\LocationBookmarkSelectDialog.h">
      <Filter>Header Files</Filter>
    </ClInclude>
    <ClInclude Include="D:\github\evernus\Evernus\LookupActionGroup.h">
      <Filter>Header Files</Filter>
    </ClInclude>
    <ClInclude Include="D:\github\evernus\Evernus\LookupActionGroupModelConnector.h">
      <Filter>Header Files</Filter>
    </ClInclude>
    <ClInclude Include="D:\github\evernus\Evernus\MainDatabaseConnectionProvider.h">
      <Filter>Header Files</Filter>
    </ClInclude>
    <ClInclude Include="D:\github\evernus\Evernus\MainWindow.h">
      <Filter>Header Files</Filter>
    </ClInclude>
    <ClInclude Include="D:\github\evernus\Evernus\MarginToolDialog.h">
      <Filter>Header Files</Filter>
    </ClInclude>
    <ClInclude Include="D:\github\evernus\Evernus\MarginToolSettings.h">
      <Filter>Header Files</Filter>
    </ClInclude>
    <ClInclude Include="D:\github\evernus\Evernus\MarketAnalysisDataFetcher.h">
      <Filter>Header Files</Filter>
    </ClInclude>
    <ClInclude Include="D:\github\evernus\Evernus\MarketAnalysisSettings.h">
      <Filter>Header Files</Filter>
    </ClInclude>
    <ClInclude Include="D:\github\evernus\Evernus\MarketAnalysisUtils.h">
      <Filter>Header Files</Filter>
    </ClInclude>
    <ClInclude Include="D:\github\evernus\Evernus\MarketAnalysisWidget.h">
      <Filter>Header Files</Filter>
    </ClInclude>
    <ClInclude Include="D:\github\evernus\Evernus\MarketBrowserWidget.h">
      <Filter>Header Files</Filter>
    </ClInclude>
    <ClInclude Include="D:\github\evernus\Evernus\MarketDataProvider.h">
      <Filter>Header Files</Filter>
    </ClInclude>
    <ClInclude Include="D:\github\evernus\Evernus\MarketGroup.h">
      <Filter>Header Files</Filter>
    </ClInclude>
    <ClInclude Include="D:\github\evernus\Evernus\MarketGroupRepository.h">
      <Filter>Header Files</Filter>
    </ClInclude>
    <ClInclude Include="D:\github\evernus\Evernus\MarketHistory.h">
      <Filter>Header Files</Filter>
    </ClInclude>
    <ClInclude Include="D:\github\evernus\Evernus\MarketHistoryEntry.h">
      <Filter>Header Files</Filter>
    </ClInclude>
    <ClInclude Include="D:\github\evernus\Evernus\MarketLogExternalOrderImporter.h">
      <Filter>Header Files</Filter>
    </ClInclude>
    <ClInclude Include="D:\github\evernus\Evernus\MarketLogExternalOrderImporterThread.h">
      <Filter>Header Files</Filter>
    </ClInclude>
    <ClInclude Include="D:\github\evernus\Evernus\MarketOrder.h">
      <Filter>Header Files</Filter>
    </ClInclude>
    <ClInclude Include="D:\github\evernus\Evernus\MarketOrderArchiveModel.h">
      <Filter>Header Files</Filter>
    </ClInclude>
    <ClInclude Include="D:\github\evernus\Evernus\MarketOrderBuyModel.h">
      <Filter>Header Files</Filter>
    </ClInclude>
    <ClInclude Include="D:\github\evernus\Evernus\MarketOrderDataFetcher.h">
      <Filter>Header Files</Filter>
    </ClInclude>
    <ClInclude Include="D:\github\evernus\Evernus\MarketOrderFilterProxyModel.h">
      <Filter>Header Files</Filter>
    </ClInclude>
    <ClInclude Include="D:\github\evernus\Evernus\MarketOrderFilterWidget.h">
      <Filter>Header Files</Filter>
    </ClInclude>
    <ClInclude Include="D:\github\evernus\Evernus\MarketOrderInfoWidget.h">
      <Filter>Header Files</Filter>
    </ClInclude>
    <ClInclude Include="D:\github\evernus\Evernus\MarketOrderModel.h">
      <Filter>Header Files</Filter>
    </ClInclude>
    <ClInclude Include="D:\github\evernus\Evernus\MarketOrderPerformanceModel.h">
      <Filter>Header Files</Filter>
    </ClInclude>
    <ClInclude Include="D:\github\evernus\Evernus\MarketOrderPriceStatusesWidget.h">
      <Filter>Header Files</Filter>
    </ClInclude>
    <ClInclude Include="D:\github\evernus\Evernus\MarketOrderProvider.h">
      <Filter>Header Files</Filter>
    </ClInclude>
    <ClInclude Include="D:\github\evernus\Evernus\MarketOrderRepository.h">
      <Filter>Header Files</Filter>
    </ClInclude>
    <ClInclude Include="D:\github\evernus\Evernus\MarketOrders.h">
      <Filter>Header Files</Filter>
    </ClInclude>
    <ClInclude Include="D:\github\evernus\Evernus\MarketOrderSellModel.h">
      <Filter>Header Files</Filter>
    </ClInclude>
    <ClInclude Include="D:\github\evernus\Evernus\MarketOrdersInfoWidget.h">
      <Filter>Header Files</Filter>
    </ClInclude>
    <ClInclude Include="D:\github\evernus\Evernus\MarketOrderStatesWidget.h">
      <Filter>Header Files</Filter>
    </ClInclude>
    <ClInclude Include="D:\github\evernus\Evernus\MarketOrderTreeModel.h">
      <Filter>Header Files</Filter>
    </ClInclude>
    <ClInclude Include="D:\github\evernus\Evernus\MarketOrderValueSnapshot.h">
      <Filter>Header Files</Filter>
    </ClInclude>
    <ClInclude Include="D:\github\evernus\Evernus\MarketOrderValueSnapshotRepository.h">
      <Filter>Header Files</Filter>
    </ClInclude>
    <ClInclude Include="D:\github\evernus\Evernus\MarketOrderView.h">
      <Filter>Header Files</Filter>
    </ClInclude>
    <ClInclude Include="D:\github\evernus\Evernus\MarketOrderViewWithTransactions.h">
      <Filter>Header Files</Filter>
    </ClInclude>
    <ClInclude Include="D:\github\evernus\Evernus\MarketOrderVolumeItemDelegate.h">
      <Filter>Header Files</Filter>
    </ClInclude>
    <ClInclude Include="D:\github\evernus\Evernus\MarketOrderWidget.h">
      <Filter>Header Files</Filter>
    </ClInclude>
    <ClInclude Include="D:\github\evernus\Evernus\MarketPrices.h">
      <Filter>Header Files</Filter>
    </ClInclude>
    <ClInclude Include="D:\github\evernus\Evernus\MathUtils.h">
      <Filter>Header Files</Filter>
    </ClInclude>
    <ClInclude Include="D:\github\evernus\Evernus\MenuBarWidget.h">
      <Filter>Header Files</Filter>
    </ClInclude>
    <ClInclude Include="D:\github\evernus\Evernus\MetaGroup.h">
      <Filter>Header Files</Filter>
    </ClInclude>
    <ClInclude Include="D:\github\evernus\Evernus\MetaGroupRepository.h">
      <Filter>Header Files</Filter>
    </ClInclude>
    <ClInclude Include="D:\github\evernus\Evernus\MiningLedger.h">
      <Filter>Header Files</Filter>
    </ClInclude>
    <ClInclude Include="D:\github\evernus\Evernus\MiningLedgerBarGraph.h">
      <Filter>Header Files</Filter>
    </ClInclude>
    <ClInclude Include="D:\github\evernus\Evernus\MiningLedgerModel.h">
      <Filter>Header Files</Filter>
    </ClInclude>
    <ClInclude Include="D:\github\evernus\Evernus\MiningLedgerRepository.h">
      <Filter>Header Files</Filter>
    </ClInclude>
    <ClInclude Include="D:\github\evernus\Evernus\MiningLedgerSolarSystemsModel.h">
      <Filter>Header Files</Filter>
    </ClInclude>
    <ClInclude Include="D:\github\evernus\Evernus\MiningLedgerTypesModel.h">
      <Filter>Header Files</Filter>
    </ClInclude>
    <ClInclude Include="D:\github\evernus\Evernus\ModelUtils.h">
      <Filter>Header Files</Filter>
    </ClInclude>
    <ClInclude Include="D:\github\evernus\Evernus\ModelWithTypes.h">
      <Filter>Header Files</Filter>
    </ClInclude>
    <ClInclude Include="D:\github\evernus\Evernus\NetworkPreferencesWidget.h">
      <Filter>Header Files</Filter>
    </ClInclude>
    <ClInclude Include="D:\github\evernus\Evernus\NetworkSettings.h">
      <Filter>Header Files</Filter>
    </ClInclude>
    <ClInclude Include="D:\github\evernus\Evernus\NewCharacterController.h">
      <Filter>Header Files</Filter>
    </ClInclude>
    <ClInclude Include="D:\github\evernus\Evernus\NumberFormatDelegate.h">
      <Filter>Header Files</Filter>
    </ClInclude>
    <ClInclude Include="D:\github\evernus\Evernus\OrderScript.h">
      <Filter>Header Files</Filter>
    </ClInclude>
    <ClInclude Include="D:\github\evernus\Evernus\OrderScriptRepository.h">
      <Filter>Header Files</Filter>
    </ClInclude>
    <ClInclude Include="D:\github\evernus\Evernus\OrderSettings.h">
      <Filter>Header Files</Filter>
    </ClInclude>
    <ClInclude Include="D:\github\evernus\Evernus\OreReprocessingArbitrageModel.h">
      <Filter>Header Files</Filter>
    </ClInclude>
    <ClInclude Include="D:\github\evernus\Evernus\OreReprocessingArbitrageWidget.h">
      <Filter>Header Files</Filter>
    </ClInclude>
    <ClInclude Include="D:\github\evernus\Evernus\OrderPreferencesWidget.h">
      <Filter>Header Files</Filter>
    </ClInclude>
    <ClInclude Include="D:\github\evernus\Evernus\PathPreferencesWidget.h">
      <Filter>Header Files</Filter>
    </ClInclude>
    <ClInclude Include="D:\github\evernus\Evernus\PathSettings.h">
      <Filter>Header Files</Filter>
    </ClInclude>
    <ClInclude Include="D:\github\evernus\Evernus\PathUtils.h">
      <Filter>Header Files</Filter>
    </ClInclude>
    <ClInclude Include="D:\github\evernus\Evernus\PreferencesDialog.h">
      <Filter>Header Files</Filter>
    </ClInclude>
    <ClInclude Include="D:\github\evernus\Evernus\PricePreferencesWidget.h">
      <Filter>Header Files</Filter>
    </ClInclude>
    <ClInclude Include="D:\github\evernus\Evernus\PriceSettings.h">
      <Filter>Header Files</Filter>
    </ClInclude>
    <ClInclude Include="D:\github\evernus\Evernus\PriceType.h">
      <Filter>Header Files</Filter>
    </ClInclude>
    <ClInclude Include="D:\github\evernus\Evernus\PriceTypeComboBox.h">
      <Filter>Header Files</Filter>
    </ClInclude>
    <ClInclude Include="D:\github\evernus\Evernus\PriceUtils.h">
      <Filter>Header Files</Filter>
    </ClInclude>
    <ClInclude Include="D:\github\evernus\Evernus\ProgressiveCounter.h">
      <Filter>Header Files</Filter>
    </ClInclude>
    <ClInclude Include="D:\github\evernus\Evernus\ProxyWebExternalOrderImporter.h">
      <Filter>Header Files</Filter>
    </ClInclude>
    <ClInclude Include="D:\github\evernus\Evernus\qcustomplot.h">
      <Filter>Header Files</Filter>
    </ClInclude>
    <ClInclude Include="D:\github\evernus\Evernus\QDataStreamUtils.h">
      <Filter>Header Files</Filter>
    </ClInclude>
    <ClInclude Include="D:\github\evernus\Evernus\qdropbox2.h">
      <Filter>Header Files</Filter>
    </ClInclude>
    <ClInclude Include="D:\github\evernus\Evernus\qdropbox2account.h">
      <Filter>Header Files</Filter>
    </ClInclude>
    <ClInclude Include="D:\github\evernus\Evernus\qdropbox2common.h">
      <Filter>Header Files</Filter>
    </ClInclude>
    <ClInclude Include="D:\github\evernus\Evernus\qdropbox2entity.h">
      <Filter>Header Files</Filter>
    </ClInclude>
    <ClInclude Include="D:\github\evernus\Evernus\qdropbox2entityinfo.h">
      <Filter>Header Files</Filter>
    </ClInclude>
    <ClInclude Include="D:\github\evernus\Evernus\qdropbox2file.h">
      <Filter>Header Files</Filter>
    </ClInclude>
    <ClInclude Include="D:\github\evernus\Evernus\qdropbox2folder.h">
      <Filter>Header Files</Filter>
    </ClInclude>
    <ClInclude Include="D:\github\evernus\Evernus\qdropbox2global.h">
      <Filter>Header Files</Filter>
    </ClInclude>
    <ClInclude Include="D:\github\evernus\Evernus\qhttpheader.h">
      <Filter>Header Files</Filter>
    </ClInclude>
    <ClInclude Include="D:\github\evernus\Evernus\QObjectDeleteLaterDeleter.h">
      <Filter>Header Files</Filter>
    </ClInclude>
    <ClInclude Include="D:\github\evernus\Evernus\QtScriptSyntaxHighlighter.h">
      <Filter>Header Files</Filter>
    </ClInclude>
    <ClInclude Include="D:\github\evernus\Evernus\qxtabstracthttpconnector.h">
      <Filter>Header Files</Filter>
    </ClInclude>
    <ClInclude Include="D:\github\evernus\Evernus\qxtabstractwebservice.h">
      <Filter>Header Files</Filter>
    </ClInclude>
    <ClInclude Include="D:\github\evernus\Evernus\qxtabstractwebsessionmanager_p.h">
      <Filter>Header Files</Filter>
    </ClInclude>
    <ClInclude Include="D:\github\evernus\Evernus\qxtabstractwebsessionmanager.h">
      <Filter>Header Files</Filter>
    </ClInclude>
    <ClInclude Include="D:\github\evernus\Evernus\qxtboundcfunction.h">
      <Filter>Header Files</Filter>
    </ClInclude>
    <ClInclude Include="D:\github\evernus\Evernus\qxtboundfunction.h">
      <Filter>Header Files</Filter>
    </ClInclude>
    <ClInclude Include="D:\github\evernus\Evernus\qxtboundfunctionbase.h">
      <Filter>Header Files</Filter>
    </ClInclude>
    <ClInclude Include="D:\github\evernus\Evernus\qxtcsvmodel.h">
      <Filter>Header Files</Filter>
    </ClInclude>
    <ClInclude Include="D:\github\evernus\Evernus\qxtfifo.h">
      <Filter>Header Files</Filter>
    </ClInclude>
    <ClInclude Include="D:\github\evernus\Evernus\qxtglobal.h">
      <Filter>Header Files</Filter>
    </ClInclude>
    <ClInclude Include="D:\github\evernus\Evernus\qxtglobalshortcut.h">
      <Filter>Header Files</Filter>
    </ClInclude>
    <ClInclude Include="D:\github\evernus\Evernus\qxtglobalshortcut_p.h">
      <Filter>Header Files</Filter>
    </ClInclude>
    <ClInclude Include="D:\github\evernus\Evernus\qxthmac.h">
      <Filter>Header Files</Filter>
    </ClInclude>
    <ClInclude Include="D:\github\evernus\Evernus\qxthtmltemplate.h">
      <Filter>Header Files</Filter>
    </ClInclude>
    <ClInclude Include="D:\github\evernus\Evernus\qxthttpsessionmanager.h">
      <Filter>Header Files</Filter>
    </ClInclude>
    <ClInclude Include="D:\github\evernus\Evernus\qxtmail_p.h">
      <Filter>Header Files</Filter>
    </ClInclude>
    <ClInclude Include="D:\github\evernus\Evernus\qxtmailattachment.h">
      <Filter>Header Files</Filter>
    </ClInclude>
    <ClInclude Include="D:\github\evernus\Evernus\qxtmailmessage.h">
      <Filter>Header Files</Filter>
    </ClInclude>
    <ClInclude Include="D:\github\evernus\Evernus\qxtmetaobject.h">
      <Filter>Header Files</Filter>
    </ClInclude>
    <ClInclude Include="D:\github\evernus\Evernus\qxtmetatype.h">
      <Filter>Header Files</Filter>
    </ClInclude>
    <ClInclude Include="D:\github\evernus\Evernus\qxtnull.h">
      <Filter>Header Files</Filter>
    </ClInclude>
    <ClInclude Include="D:\github\evernus\Evernus\qxtnullable.h">
      <Filter>Header Files</Filter>
    </ClInclude>
    <ClInclude Include="D:\github\evernus\Evernus\qxtsmtp_p.h">
      <Filter>Header Files</Filter>
    </ClInclude>
    <ClInclude Include="D:\github\evernus\Evernus\qxtsmtp.h">
      <Filter>Header Files</Filter>
    </ClInclude>
    <ClInclude Include="D:\github\evernus\Evernus\qxtsslserver.h">
      <Filter>Header Files</Filter>
    </ClInclude>
    <ClInclude Include="D:\github\evernus\Evernus\qxtwebcontent.h">
      <Filter>Header Files</Filter>
    </ClInclude>
    <ClInclude Include="D:\github\evernus\Evernus\qxtwebevent.h">
      <Filter>Header Files</Filter>
    </ClInclude>
    <ClInclude Include="D:\github\evernus\Evernus\qxtwebslotservice.h">
      <Filter>Header Files</Filter>
    </ClInclude>
    <ClInclude Include="D:\github\evernus\Evernus\RegionAnalysisWidget.h">
      <Filter>Header Files</Filter>
    </ClInclude>
    <ClInclude Include="D:\github\evernus\Evernus\RegionComboBox.h">
      <Filter>Header Files</Filter>
    </ClInclude>
    <ClInclude Include="D:\github\evernus\Evernus\RegionStationPreset.h">
      <Filter>Header Files</Filter>
    </ClInclude>
    <ClInclude Include="D:\github\evernus\Evernus\RegionStationPresetDialog.h">
      <Filter>Header Files</Filter>
    </ClInclude>
    <ClInclude Include="D:\github\evernus\Evernus\RegionStationPresetRepository.h">
      <Filter>Header Files</Filter>
    </ClInclude>
    <ClInclude Include="D:\github\evernus\Evernus\RegionTypePreset.h">
      <Filter>Header Files</Filter>
    </ClInclude>
    <ClInclude Include="D:\github\evernus\Evernus\RegionTypePresetRepository.h">
      <Filter>Header Files</Filter>
    </ClInclude>
    <ClInclude Include="D:\github\evernus\Evernus\RegionTypeSelectDialog.h">
      <Filter>Header Files</Filter>
    </ClInclude>
    <ClInclude Include="D:\github\evernus\Evernus\ReplyTimeout.h">
      <Filter>Header Files</Filter>
    </ClInclude>
    <ClInclude Include="D:\github\evernus\Evernus\ReportsWidget.h">
      <Filter>Header Files</Filter>
    </ClInclude>
    <ClInclude Include="D:\github\evernus\Evernus\Repository.h">
      <Filter>Header Files</Filter>
    </ClInclude>
    <ClInclude Include="D:\github\evernus\Evernus\RepositoryProvider.h">
      <Filter>Header Files</Filter>
    </ClInclude>
    <ClInclude Include="D:\github\evernus\Evernus\ReprocessingArbitrageModel.h">
      <Filter>Header Files</Filter>
    </ClInclude>
    <ClInclude Include="D:\github\evernus\Evernus\ReprocessingArbitrageWidget.h">
      <Filter>Header Files</Filter>
    </ClInclude>
    <ClInclude Include="D:\github\evernus\Evernus\ScrapmetalReprocessingArbitrageModel.h">
      <Filter>Header Files</Filter>
    </ClInclude>
    <ClInclude Include="D:\github\evernus\Evernus\ScrapmetalReprocessingArbitrageWidget.h">
      <Filter>Header Files</Filter>
    </ClInclude>
    <ClInclude Include="D:\github\evernus\Evernus\ScriptOrderProcessingModel.h">
      <Filter>Header Files</Filter>
    </ClInclude>
    <ClInclude Include="D:\github\evernus\Evernus\ScriptUtils.h">
      <Filter>Header Files</Filter>
    </ClInclude>
    <ClInclude Include="D:\github\evernus\Evernus\SecurityHelper.h">
      <Filter>Header Files</Filter>
    </ClInclude>
    <ClInclude Include="D:\github\evernus\Evernus\SellMarketOrdersInfoWidget.h">
      <Filter>Header Files</Filter>
    </ClInclude>
    <ClInclude Include="D:\github\evernus\Evernus\SimpleCrypt.h">
      <Filter>Header Files</Filter>
    </ClInclude>
    <ClInclude Include="D:\github\evernus\Evernus\SingleRegionComboBox.h">
      <Filter>Header Files</Filter>
    </ClInclude>
    <ClInclude Include="D:\github\evernus\Evernus\SizeRememberingWidget.h">
      <Filter>Header Files</Filter>
    </ClInclude>
    <ClInclude Include="D:\github\evernus\Evernus\SolarSystemComboBox.h">
      <Filter>Header Files</Filter>
    </ClInclude>
    <ClInclude Include="D:\github\evernus\Evernus\SoundPreferencesWidget.h">
      <Filter>Header Files</Filter>
    </ClInclude>
    <ClInclude Include="D:\github\evernus\Evernus\SoundSettings.h">
      <Filter>Header Files</Filter>
    </ClInclude>
    <ClInclude Include="D:\github\evernus\Evernus\SourceDestinationSelectWidget.h">
      <Filter>Header Files</Filter>
    </ClInclude>
    <ClInclude Include="D:\github\evernus\Evernus\SSOAuthDialog.h">
      <Filter>Header Files</Filter>
    </ClInclude>
    <ClInclude Include="D:\github\evernus\Evernus\SSOMessageBox.h">
      <Filter>Header Files</Filter>
    </ClInclude>
    <ClInclude Include="D:\github\evernus\Evernus\SSOSettings.h">
      <Filter>Header Files</Filter>
    </ClInclude>
    <ClInclude Include="D:\github\evernus\Evernus\SSOUtils.h">
      <Filter>Header Files</Filter>
    </ClInclude>
    <ClInclude Include="D:\github\evernus\Evernus\StandardExceptionQtWrapperException.h">
      <Filter>Header Files</Filter>
    </ClInclude>
    <ClInclude Include="D:\github\evernus\Evernus\StandardModelProxyWidget.h">
      <Filter>Header Files</Filter>
    </ClInclude>
    <ClInclude Include="D:\github\evernus\Evernus\StationModel.h">
      <Filter>Header Files</Filter>
    </ClInclude>
    <ClInclude Include="D:\github\evernus\Evernus\StationSelectButton.h">
      <Filter>Header Files</Filter>
    </ClInclude>
    <ClInclude Include="D:\github\evernus\Evernus\StationSelectDialog.h">
      <Filter>Header Files</Filter>
    </ClInclude>
    <ClInclude Include="D:\github\evernus\Evernus\StationView.h">
      <Filter>Header Files</Filter>
    </ClInclude>
    <ClInclude Include="D:\github\evernus\Evernus\StatisticsPreferencesWidget.h">
      <Filter>Header Files</Filter>
    </ClInclude>
    <ClInclude Include="D:\github\evernus\Evernus\StatisticsSettings.h">
      <Filter>Header Files</Filter>
    </ClInclude>
    <ClInclude Include="D:\github\evernus\Evernus\StatisticsWidget.h">
      <Filter>Header Files</Filter>
    </ClInclude>
    <ClInclude Include="D:\github\evernus\Evernus\StructureHuntInterface.h">
      <Filter>Header Files</Filter>
    </ClInclude>
    <ClInclude Include="D:\github\evernus\Evernus\StyledTreeView.h">
      <Filter>Header Files</Filter>
    </ClInclude>
    <ClInclude Include="D:\github\evernus\Evernus\StyledTreeViewItemDelegate.h">
      <Filter>Header Files</Filter>
    </ClInclude>
    <ClInclude Include="D:\github\evernus\Evernus\SyncDialog.h">
      <Filter>Header Files</Filter>
    </ClInclude>
    <ClInclude Include="D:\github\evernus\Evernus\SyncPreferencesWidget.h">
      <Filter>Header Files</Filter>
    </ClInclude>
    <ClInclude Include="D:\github\evernus\Evernus\SyncSettings.h">
      <Filter>Header Files</Filter>
    </ClInclude>
    <ClInclude Include="D:\github\evernus\Evernus\TaskConstants.h">
      <Filter>Header Files</Filter>
    </ClInclude>
    <ClInclude Include="D:\github\evernus\Evernus\TaskManager.h">
      <Filter>Header Files</Filter>
    </ClInclude>
    <ClInclude Include="D:\github\evernus\Evernus\TextFilterWidget.h">
      <Filter>Header Files</Filter>
    </ClInclude>
    <ClInclude Include="D:\github\evernus\Evernus\TextUtils.h">
      <Filter>Header Files</Filter>
    </ClInclude>
    <ClInclude Include="D:\github\evernus\Evernus\TimerTypes.h">
      <Filter>Header Files</Filter>
    </ClInclude>
    <ClInclude Include="D:\github\evernus\Evernus\TradeableTypesTreeModel.h">
      <Filter>Header Files</Filter>
    </ClInclude>
    <ClInclude Include="D:\github\evernus\Evernus\TradeableTypesTreeView.h">
      <Filter>Header Files</Filter>
    </ClInclude>
    <ClInclude Include="D:\github\evernus\Evernus\TypeAggregatedDetailsFilterWidget.h">
      <Filter>Header Files</Filter>
    </ClInclude>
    <ClInclude Include="D:\github\evernus\Evernus\TypeAggregatedDetailsWidget.h">
      <Filter>Header Files</Filter>
    </ClInclude>
    <ClInclude Include="D:\github\evernus\Evernus\TypeAggregatedGraphWidget.h">
      <Filter>Header Files</Filter>
    </ClInclude>
    <ClInclude Include="D:\github\evernus\Evernus\TypeAggregatedMarketDataFilterProxyModel.h">
      <Filter>Header Files</Filter>
    </ClInclude>
    <ClInclude Include="D:\github\evernus\Evernus\TypeAggregatedMarketDataModel.h">
      <Filter>Header Files</Filter>
    </ClInclude>
    <ClInclude Include="D:\github\evernus\Evernus\TypeLocationPairs.h">
      <Filter>Header Files</Filter>
    </ClInclude>
    <ClInclude Include="D:\github\evernus\Evernus\TypeLookupUtils.h">
      <Filter>Header Files</Filter>
    </ClInclude>
    <ClInclude Include="D:\github\evernus\Evernus\TypePerformanceModel.h">
      <Filter>Header Files</Filter>
    </ClInclude>
    <ClInclude Include="D:\github\evernus\Evernus\TypeSellPriceResolver.h">
      <Filter>Header Files</Filter>
    </ClInclude>
    <ClInclude Include="D:\github\evernus\Evernus\UISettings.h">
      <Filter>Header Files</Filter>
    </ClInclude>
    <ClInclude Include="D:\github\evernus\Evernus\Updater.h">
      <Filter>Header Files</Filter>
    </ClInclude>
    <ClInclude Include="D:\github\evernus\Evernus\UpdaterSettings.h">
      <Filter>Header Files</Filter>
    </ClInclude>
    <ClInclude Include="D:\github\evernus\Evernus\UpdateTimer.h">
      <Filter>Header Files</Filter>
    </ClInclude>
    <ClInclude Include="D:\github\evernus\Evernus\UpdateTimerRepository.h">
      <Filter>Header Files</Filter>
    </ClInclude>
    <ClInclude Include="D:\github\evernus\Evernus\Version.h">
      <Filter>Header Files</Filter>
    </ClInclude>
    <ClInclude Include="D:\github\evernus\Evernus\VolumeType.h">
      <Filter>Header Files</Filter>
    </ClInclude>
    <ClInclude Include="D:\github\evernus\Evernus\WalletEntryFilterWidget.h">
      <Filter>Header Files</Filter>
    </ClInclude>
    <ClInclude Include="D:\github\evernus\Evernus\WalletJournal.h">
      <Filter>Header Files</Filter>
    </ClInclude>
    <ClInclude Include="D:\github\evernus\Evernus\WalletJournalEntry.h">
      <Filter>Header Files</Filter>
    </ClInclude>
    <ClInclude Include="D:\github\evernus\Evernus\WalletJournalEntryRepository.h">
      <Filter>Header Files</Filter>
    </ClInclude>
    <ClInclude Include="D:\github\evernus\Evernus\WalletJournalModel.h">
      <Filter>Header Files</Filter>
    </ClInclude>
    <ClInclude Include="D:\github\evernus\Evernus\WalletJournalWidget.h">
      <Filter>Header Files</Filter>
    </ClInclude>
    <ClInclude Include="D:\github\evernus\Evernus\WalletPreferencesWidget.h">
      <Filter>Header Files</Filter>
    </ClInclude>
    <ClInclude Include="D:\github\evernus\Evernus\WalletSettings.h">
      <Filter>Header Files</Filter>
    </ClInclude>
    <ClInclude Include="D:\github\evernus\Evernus\WalletSnapshot.h">
      <Filter>Header Files</Filter>
    </ClInclude>
    <ClInclude Include="D:\github\evernus\Evernus\WalletSnapshotRepository.h">
      <Filter>Header Files</Filter>
    </ClInclude>
    <ClInclude Include="D:\github\evernus\Evernus\WalletTransaction.h">
      <Filter>Header Files</Filter>
    </ClInclude>
    <ClInclude Include="D:\github\evernus\Evernus\WalletTransactionRepository.h">
      <Filter>Header Files</Filter>
    </ClInclude>
    <ClInclude Include="D:\github\evernus\Evernus\WalletTransactions.h">
      <Filter>Header Files</Filter>
    </ClInclude>
    <ClInclude Include="D:\github\evernus\Evernus\WalletTransactionsModel.h">
      <Filter>Header Files</Filter>
    </ClInclude>
    <ClInclude Include="D:\github\evernus\Evernus\WalletTransactionsWidget.h">
      <Filter>Header Files</Filter>
    </ClInclude>
    <ClInclude Include="D:\github\evernus\Evernus\WalletTransactionView.h">
      <Filter>Header Files</Filter>
    </ClInclude>
    <ClInclude Include="D:\github\evernus\Evernus\WarningBarWidget.h">
      <Filter>Header Files</Filter>
    </ClInclude>
    <ClInclude Include="D:\github\evernus\Evernus\VersionInfo.h">
      <Filter>Header Files</Filter>
    </ClInclude>
  </ItemGroup>
  <ItemGroup>
    <CustomBuild Include="D:\github\evernus\CMakeFiles\c36cb02200ee8a49034d4b640d0c5122\lang_ru_RU.ts.rule">
      <Filter>CMake Rules</Filter>
    </CustomBuild>
    <CustomBuild Include="D:\github\evernus\CMakeFiles\c36cb02200ee8a49034d4b640d0c5122\lang_pl_PL.ts.rule">
      <Filter>CMake Rules</Filter>
    </CustomBuild>
    <CustomBuild Include="D:\github\evernus\CMakeFiles\c36cb02200ee8a49034d4b640d0c5122\lang_de_DE.ts.rule">
      <Filter>CMake Rules</Filter>
    </CustomBuild>
    <CustomBuild Include="D:\github\evernus\CMakeFiles\4553eb78ab6eea7fc6817311b23db10a\lang_ru_RU.qm.rule">
      <Filter>CMake Rules</Filter>
    </CustomBuild>
    <CustomBuild Include="D:\github\evernus\CMakeFiles\4553eb78ab6eea7fc6817311b23db10a\lang_pl_PL.qm.rule">
      <Filter>CMake Rules</Filter>
    </CustomBuild>
    <CustomBuild Include="D:\github\evernus\CMakeFiles\4553eb78ab6eea7fc6817311b23db10a\lang_de_DE.qm.rule">
      <Filter>CMake Rules</Filter>
    </CustomBuild>
    <CustomBuild Include="D:\github\evernus\CMakeFiles\cc3ebf6db5f09d18e0f1fe5a516ae84d\qrc_evernus.cpp.rule">
      <Filter>CMake Rules</Filter>
    </CustomBuild>
    <CustomBuild Include="D:\github\evernus\Evernus\CMakeLists.txt" />
  </ItemGroup>
  <ItemGroup>
    <None Include="D:\github\evernus\Evernus\evernus.qrc" />
    <None Include="D:\github\evernus\Evernus\lang\lang_ru_RU.ts" />
    <None Include="D:\github\evernus\Evernus\lang\lang_pl_PL.ts" />
    <None Include="D:\github\evernus\Evernus\lang\lang_de_DE.ts" />
    <None Include="D:\github\evernus\Evernus\translations\lang_ru_RU.qm" />
    <None Include="D:\github\evernus\Evernus\translations\lang_pl_PL.qm" />
    <None Include="D:\github\evernus\Evernus\translations\lang_de_DE.qm" />
  </ItemGroup>
  <ItemGroup>
    <ResourceCompile Include="D:\github\evernus\Evernus\VersionResource.rc">
      <Filter>Source Files</Filter>
    </ResourceCompile>
  </ItemGroup>
  <ItemGroup>
    <Filter Include="CMake Rules">
      <UniqueIdentifier>{3F5948C6-5AEF-376F-9BE9-EA5583F1991A}</UniqueIdentifier>
    </Filter>
    <Filter Include="Header Files">
      <UniqueIdentifier>{CF7753CF-F8EA-371F-BBFB-B3CE66E1E041}</UniqueIdentifier>
    </Filter>
    <Filter Include="Source Files">
      <UniqueIdentifier>{EB96C814-218A-30B6-B4AC-9F6605B4060C}</UniqueIdentifier>
    </Filter>
  </ItemGroup>
</Project>
